// !$*UTF8*$!
{
	archiveVersion = 1;
	classes = {
	};
	objectVersion = 46;
	objects = {

/* Begin PBXBuildFile section */
		250635371704821100DBA7BA /* UIKit.framework in Frameworks */ = {isa = PBXBuildFile; fileRef = 250635361704821100DBA7BA /* UIKit.framework */; };
		250635391704821100DBA7BA /* Foundation.framework in Frameworks */ = {isa = PBXBuildFile; fileRef = 250635381704821100DBA7BA /* Foundation.framework */; };
		2506353B1704821100DBA7BA /* CoreGraphics.framework in Frameworks */ = {isa = PBXBuildFile; fileRef = 2506353A1704821100DBA7BA /* CoreGraphics.framework */; };
		250635411704821200DBA7BA /* InfoPlist.strings in Resources */ = {isa = PBXBuildFile; fileRef = 2506353F1704821200DBA7BA /* InfoPlist.strings */; };
		250635431704821200DBA7BA /* main.m in Sources */ = {isa = PBXBuildFile; fileRef = 250635421704821200DBA7BA /* main.m */; };
		250635471704821200DBA7BA /* AppDelegate.m in Sources */ = {isa = PBXBuildFile; fileRef = 250635461704821200DBA7BA /* AppDelegate.m */; };
		250635491704821300DBA7BA /* Default.png in Resources */ = {isa = PBXBuildFile; fileRef = 250635481704821300DBA7BA /* Default.png */; };
		2506354B1704821300DBA7BA /* Default@2x.png in Resources */ = {isa = PBXBuildFile; fileRef = 2506354A1704821300DBA7BA /* Default@2x.png */; };
		2506354D1704821300DBA7BA /* Default-568h@2x.png in Resources */ = {isa = PBXBuildFile; fileRef = 2506354C1704821300DBA7BA /* Default-568h@2x.png */; };
		250635501704821300DBA7BA /* MasterViewController.m in Sources */ = {isa = PBXBuildFile; fileRef = 2506354F1704821300DBA7BA /* MasterViewController.m */; };
		250635531704821300DBA7BA /* DetailViewController.m in Sources */ = {isa = PBXBuildFile; fileRef = 250635521704821300DBA7BA /* DetailViewController.m */; };
		250635561704821300DBA7BA /* MasterViewController_iPhone.xib in Resources */ = {isa = PBXBuildFile; fileRef = 250635541704821300DBA7BA /* MasterViewController_iPhone.xib */; };
		250635591704821300DBA7BA /* MasterViewController_iPad.xib in Resources */ = {isa = PBXBuildFile; fileRef = 250635571704821300DBA7BA /* MasterViewController_iPad.xib */; };
		2506355C1704821300DBA7BA /* DetailViewController_iPhone.xib in Resources */ = {isa = PBXBuildFile; fileRef = 2506355A1704821300DBA7BA /* DetailViewController_iPhone.xib */; };
		2506355F1704821300DBA7BA /* DetailViewController_iPad.xib in Resources */ = {isa = PBXBuildFile; fileRef = 2506355D1704821300DBA7BA /* DetailViewController_iPad.xib */; };
		2506356A170489C700DBA7BA /* RequestDispatcher.m in Sources */ = {isa = PBXBuildFile; fileRef = 25063569170489C700DBA7BA /* RequestDispatcher.m */; };
		2506356D17048E9000DBA7BA /* DBHandler.m in Sources */ = {isa = PBXBuildFile; fileRef = 2506356C17048E9000DBA7BA /* DBHandler.m */; };
		2506356F17048EAA00DBA7BA /* libsqlite3.dylib in Frameworks */ = {isa = PBXBuildFile; fileRef = 2506356E17048EAA00DBA7BA /* libsqlite3.dylib */; };
		253CBFB61712CDBE00C3DA3B /* Places.sqlite in Resources */ = {isa = PBXBuildFile; fileRef = 253CBFB51712CDBE00C3DA3B /* Places.sqlite */; };
		259801201705992A0025806D /* ResourceLoader.m in Sources */ = {isa = PBXBuildFile; fileRef = 2598011F1705992A0025806D /* ResourceLoader.m */; };
		2598012217059C210025806D /* MapKit.framework in Frameworks */ = {isa = PBXBuildFile; fileRef = 2598012117059C210025806D /* MapKit.framework */; };
		2598012417059C2F0025806D /* CoreLocation.framework in Frameworks */ = {isa = PBXBuildFile; fileRef = 2598012317059C2F0025806D /* CoreLocation.framework */; };
		259801271705A25D0025806D /* PlaceEntity.m in Sources */ = {isa = PBXBuildFile; fileRef = 259801261705A25D0025806D /* PlaceEntity.m */; };
		2598012C1705AF160025806D /* PlaceViewController.m in Sources */ = {isa = PBXBuildFile; fileRef = 2598012A1705AF160025806D /* PlaceViewController.m */; };
		2598012D1705AF160025806D /* PlaceViewController~ipad.xib in Resources */ = {isa = PBXBuildFile; fileRef = 2598012B1705AF160025806D /* PlaceViewController~ipad.xib */; };
		259801311705AF920025806D /* PlaceViewController~iphone.xib in Resources */ = {isa = PBXBuildFile; fileRef = 259801301705AF920025806D /* PlaceViewController~iphone.xib */; };
		259801351705D9130025806D /* SearchViewController.m in Sources */ = {isa = PBXBuildFile; fileRef = 259801331705D9130025806D /* SearchViewController.m */; };
		259801361705D9130025806D /* SearchViewController~ipad.xib in Resources */ = {isa = PBXBuildFile; fileRef = 259801341705D9130025806D /* SearchViewController~ipad.xib */; };
		259801381705D93E0025806D /* SearchViewController~iphone.xib in Resources */ = {isa = PBXBuildFile; fileRef = 259801371705D93E0025806D /* SearchViewController~iphone.xib */; };
		25DA641B1709AD2100F04710 /* RouteEntity.m in Sources */ = {isa = PBXBuildFile; fileRef = 25DA641A1709AD2100F04710 /* RouteEntity.m */; };
		25DA641F1709AE3600F04710 /* RouteViewController.m in Sources */ = {isa = PBXBuildFile; fileRef = 25DA641D1709AE3600F04710 /* RouteViewController.m */; };
		25DA64201709AE3600F04710 /* RouteViewController~ipad.xib in Resources */ = {isa = PBXBuildFile; fileRef = 25DA641E1709AE3600F04710 /* RouteViewController~ipad.xib */; };
		25DA64221709AE5F00F04710 /* RouteViewController~iphone.xib in Resources */ = {isa = PBXBuildFile; fileRef = 25DA64211709AE5F00F04710 /* RouteViewController~iphone.xib */; };
		25DA642B1709BB8900F04710 /* question-mark.png in Resources */ = {isa = PBXBuildFile; fileRef = 25DA642A1709BB8900F04710 /* question-mark.png */; };
		25DA642D1709BD9B00F04710 /* question-mark~ipad.png in Resources */ = {isa = PBXBuildFile; fileRef = 25DA642C1709BD9B00F04710 /* question-mark~ipad.png */; };
		25DA64331709C0D700F04710 /* CommonViewController.m in Sources */ = {isa = PBXBuildFile; fileRef = 25DA64311709C0D700F04710 /* CommonViewController.m */; };
		25DA64341709C0D700F04710 /* CommonViewController~ipad.xib in Resources */ = {isa = PBXBuildFile; fileRef = 25DA64321709C0D700F04710 /* CommonViewController~ipad.xib */; };
		25DA64361709C0FC00F04710 /* CommonViewController~iphone.xib in Resources */ = {isa = PBXBuildFile; fileRef = 25DA64351709C0FC00F04710 /* CommonViewController~iphone.xib */; };
		C527089C17132DF30050B054 /* WeatherManager.m in Sources */ = {isa = PBXBuildFile; fileRef = C527089B17132DF30050B054 /* WeatherManager.m */; settings = {COMPILER_FLAGS = "-fobjc-arc"; }; };
		C52708A117132F640050B054 /* WeatherParser.m in Sources */ = {isa = PBXBuildFile; fileRef = C52708A017132F640050B054 /* WeatherParser.m */; settings = {COMPILER_FLAGS = "-fobjc-arc"; }; };
		C52708A4171330100050B054 /* JSONKit.m in Sources */ = {isa = PBXBuildFile; fileRef = C52708A3171330100050B054 /* JSONKit.m */; };
		C52708A7171330360050B054 /* Weather.m in Sources */ = {isa = PBXBuildFile; fileRef = C52708A6171330360050B054 /* Weather.m */; settings = {COMPILER_FLAGS = "-fobjc-arc"; }; };
		C52708E7171332CA0050B054 /* 0.png in Resources */ = {isa = PBXBuildFile; fileRef = C52708B7171332CA0050B054 /* 0.png */; };
		C52708E8171332CA0050B054 /* 1.png in Resources */ = {isa = PBXBuildFile; fileRef = C52708B8171332CA0050B054 /* 1.png */; };
		C52708E9171332CA0050B054 /* 10.png in Resources */ = {isa = PBXBuildFile; fileRef = C52708B9171332CA0050B054 /* 10.png */; };
		C52708EA171332CA0050B054 /* 11.png in Resources */ = {isa = PBXBuildFile; fileRef = C52708BA171332CA0050B054 /* 11.png */; };
		C52708EB171332CA0050B054 /* 12.png in Resources */ = {isa = PBXBuildFile; fileRef = C52708BB171332CA0050B054 /* 12.png */; };
		C52708EC171332CA0050B054 /* 13.png in Resources */ = {isa = PBXBuildFile; fileRef = C52708BC171332CA0050B054 /* 13.png */; };
		C52708ED171332CA0050B054 /* 14.png in Resources */ = {isa = PBXBuildFile; fileRef = C52708BD171332CA0050B054 /* 14.png */; };
		C52708EE171332CA0050B054 /* 15.png in Resources */ = {isa = PBXBuildFile; fileRef = C52708BE171332CA0050B054 /* 15.png */; };
		C52708EF171332CA0050B054 /* 16.png in Resources */ = {isa = PBXBuildFile; fileRef = C52708BF171332CA0050B054 /* 16.png */; };
		C52708F0171332CA0050B054 /* 17.png in Resources */ = {isa = PBXBuildFile; fileRef = C52708C0171332CA0050B054 /* 17.png */; };
		C52708F1171332CA0050B054 /* 18.png in Resources */ = {isa = PBXBuildFile; fileRef = C52708C1171332CA0050B054 /* 18.png */; };
		C52708F2171332CA0050B054 /* 19.png in Resources */ = {isa = PBXBuildFile; fileRef = C52708C2171332CA0050B054 /* 19.png */; };
		C52708F3171332CA0050B054 /* 2.png in Resources */ = {isa = PBXBuildFile; fileRef = C52708C3171332CA0050B054 /* 2.png */; };
		C52708F4171332CA0050B054 /* 20.png in Resources */ = {isa = PBXBuildFile; fileRef = C52708C4171332CA0050B054 /* 20.png */; };
		C52708F5171332CA0050B054 /* 21.png in Resources */ = {isa = PBXBuildFile; fileRef = C52708C5171332CA0050B054 /* 21.png */; };
		C52708F6171332CA0050B054 /* 22.png in Resources */ = {isa = PBXBuildFile; fileRef = C52708C6171332CA0050B054 /* 22.png */; };
		C52708F7171332CA0050B054 /* 23.png in Resources */ = {isa = PBXBuildFile; fileRef = C52708C7171332CA0050B054 /* 23.png */; };
		C52708F8171332CA0050B054 /* 24.png in Resources */ = {isa = PBXBuildFile; fileRef = C52708C8171332CA0050B054 /* 24.png */; };
		C52708F9171332CA0050B054 /* 25.png in Resources */ = {isa = PBXBuildFile; fileRef = C52708C9171332CA0050B054 /* 25.png */; };
		C52708FA171332CA0050B054 /* 26.png in Resources */ = {isa = PBXBuildFile; fileRef = C52708CA171332CA0050B054 /* 26.png */; };
		C52708FB171332CA0050B054 /* 27.png in Resources */ = {isa = PBXBuildFile; fileRef = C52708CB171332CA0050B054 /* 27.png */; };
		C52708FC171332CA0050B054 /* 28.png in Resources */ = {isa = PBXBuildFile; fileRef = C52708CC171332CA0050B054 /* 28.png */; };
		C52708FD171332CA0050B054 /* 29.png in Resources */ = {isa = PBXBuildFile; fileRef = C52708CD171332CA0050B054 /* 29.png */; };
		C52708FE171332CA0050B054 /* 3.png in Resources */ = {isa = PBXBuildFile; fileRef = C52708CE171332CA0050B054 /* 3.png */; };
		C52708FF171332CA0050B054 /* 30.png in Resources */ = {isa = PBXBuildFile; fileRef = C52708CF171332CA0050B054 /* 30.png */; };
		C5270900171332CA0050B054 /* 31.png in Resources */ = {isa = PBXBuildFile; fileRef = C52708D0171332CA0050B054 /* 31.png */; };
		C5270901171332CA0050B054 /* 32.png in Resources */ = {isa = PBXBuildFile; fileRef = C52708D1171332CA0050B054 /* 32.png */; };
		C5270902171332CA0050B054 /* 33.png in Resources */ = {isa = PBXBuildFile; fileRef = C52708D2171332CA0050B054 /* 33.png */; };
		C5270903171332CA0050B054 /* 34.png in Resources */ = {isa = PBXBuildFile; fileRef = C52708D3171332CA0050B054 /* 34.png */; };
		C5270904171332CA0050B054 /* 35.png in Resources */ = {isa = PBXBuildFile; fileRef = C52708D4171332CA0050B054 /* 35.png */; };
		C5270905171332CA0050B054 /* 36.png in Resources */ = {isa = PBXBuildFile; fileRef = C52708D5171332CA0050B054 /* 36.png */; };
		C5270906171332CA0050B054 /* 37.png in Resources */ = {isa = PBXBuildFile; fileRef = C52708D6171332CA0050B054 /* 37.png */; };
		C5270907171332CA0050B054 /* 38.png in Resources */ = {isa = PBXBuildFile; fileRef = C52708D7171332CA0050B054 /* 38.png */; };
		C5270908171332CA0050B054 /* 39.png in Resources */ = {isa = PBXBuildFile; fileRef = C52708D8171332CA0050B054 /* 39.png */; };
		C5270909171332CA0050B054 /* 4.png in Resources */ = {isa = PBXBuildFile; fileRef = C52708D9171332CA0050B054 /* 4.png */; };
		C527090A171332CA0050B054 /* 40.png in Resources */ = {isa = PBXBuildFile; fileRef = C52708DA171332CA0050B054 /* 40.png */; };
		C527090B171332CA0050B054 /* 41.png in Resources */ = {isa = PBXBuildFile; fileRef = C52708DB171332CA0050B054 /* 41.png */; };
		C527090C171332CA0050B054 /* 42.png in Resources */ = {isa = PBXBuildFile; fileRef = C52708DC171332CA0050B054 /* 42.png */; };
		C527090D171332CA0050B054 /* 43.png in Resources */ = {isa = PBXBuildFile; fileRef = C52708DD171332CA0050B054 /* 43.png */; };
		C527090E171332CA0050B054 /* 44.png in Resources */ = {isa = PBXBuildFile; fileRef = C52708DE171332CA0050B054 /* 44.png */; };
		C527090F171332CA0050B054 /* 45.png in Resources */ = {isa = PBXBuildFile; fileRef = C52708DF171332CA0050B054 /* 45.png */; };
		C5270910171332CA0050B054 /* 46.png in Resources */ = {isa = PBXBuildFile; fileRef = C52708E0171332CA0050B054 /* 46.png */; };
		C5270911171332CA0050B054 /* 47.png in Resources */ = {isa = PBXBuildFile; fileRef = C52708E1171332CA0050B054 /* 47.png */; };
		C5270912171332CA0050B054 /* 5.png in Resources */ = {isa = PBXBuildFile; fileRef = C52708E2171332CA0050B054 /* 5.png */; };
		C5270913171332CA0050B054 /* 6.png in Resources */ = {isa = PBXBuildFile; fileRef = C52708E3171332CA0050B054 /* 6.png */; };
		C5270914171332CA0050B054 /* 7.png in Resources */ = {isa = PBXBuildFile; fileRef = C52708E4171332CA0050B054 /* 7.png */; };
		C5270915171332CA0050B054 /* 8.png in Resources */ = {isa = PBXBuildFile; fileRef = C52708E5171332CA0050B054 /* 8.png */; };
		C5270916171332CA0050B054 /* 9.png in Resources */ = {isa = PBXBuildFile; fileRef = C52708E6171332CA0050B054 /* 9.png */; };
/* End PBXBuildFile section */

/* Begin PBXFileReference section */
		250635331704821100DBA7BA /* Place.app */ = {isa = PBXFileReference; explicitFileType = wrapper.application; includeInIndex = 0; path = Place.app; sourceTree = BUILT_PRODUCTS_DIR; };
		250635361704821100DBA7BA /* UIKit.framework */ = {isa = PBXFileReference; lastKnownFileType = wrapper.framework; name = UIKit.framework; path = System/Library/Frameworks/UIKit.framework; sourceTree = SDKROOT; };
		250635381704821100DBA7BA /* Foundation.framework */ = {isa = PBXFileReference; lastKnownFileType = wrapper.framework; name = Foundation.framework; path = System/Library/Frameworks/Foundation.framework; sourceTree = SDKROOT; };
		2506353A1704821100DBA7BA /* CoreGraphics.framework */ = {isa = PBXFileReference; lastKnownFileType = wrapper.framework; name = CoreGraphics.framework; path = System/Library/Frameworks/CoreGraphics.framework; sourceTree = SDKROOT; };
		2506353E1704821200DBA7BA /* Place-Info.plist */ = {isa = PBXFileReference; lastKnownFileType = text.plist.xml; path = "Place-Info.plist"; sourceTree = "<group>"; };
		250635401704821200DBA7BA /* en */ = {isa = PBXFileReference; lastKnownFileType = text.plist.strings; name = en; path = en.lproj/InfoPlist.strings; sourceTree = "<group>"; };
		250635421704821200DBA7BA /* main.m */ = {isa = PBXFileReference; lastKnownFileType = sourcecode.c.objc; path = main.m; sourceTree = "<group>"; };
		250635441704821200DBA7BA /* Place-Prefix.pch */ = {isa = PBXFileReference; lastKnownFileType = sourcecode.c.h; path = "Place-Prefix.pch"; sourceTree = "<group>"; };
		250635451704821200DBA7BA /* AppDelegate.h */ = {isa = PBXFileReference; lastKnownFileType = sourcecode.c.h; path = AppDelegate.h; sourceTree = "<group>"; };
		250635461704821200DBA7BA /* AppDelegate.m */ = {isa = PBXFileReference; lastKnownFileType = sourcecode.c.objc; path = AppDelegate.m; sourceTree = "<group>"; };
		250635481704821300DBA7BA /* Default.png */ = {isa = PBXFileReference; lastKnownFileType = image.png; path = Default.png; sourceTree = "<group>"; };
		2506354A1704821300DBA7BA /* Default@2x.png */ = {isa = PBXFileReference; lastKnownFileType = image.png; path = "Default@2x.png"; sourceTree = "<group>"; };
		2506354C1704821300DBA7BA /* Default-568h@2x.png */ = {isa = PBXFileReference; lastKnownFileType = image.png; path = "Default-568h@2x.png"; sourceTree = "<group>"; };
		2506354E1704821300DBA7BA /* MasterViewController.h */ = {isa = PBXFileReference; lastKnownFileType = sourcecode.c.h; path = MasterViewController.h; sourceTree = "<group>"; };
		2506354F1704821300DBA7BA /* MasterViewController.m */ = {isa = PBXFileReference; lastKnownFileType = sourcecode.c.objc; path = MasterViewController.m; sourceTree = "<group>"; };
		250635511704821300DBA7BA /* DetailViewController.h */ = {isa = PBXFileReference; lastKnownFileType = sourcecode.c.h; path = DetailViewController.h; sourceTree = "<group>"; };
		250635521704821300DBA7BA /* DetailViewController.m */ = {isa = PBXFileReference; lastKnownFileType = sourcecode.c.objc; path = DetailViewController.m; sourceTree = "<group>"; };
		250635551704821300DBA7BA /* en */ = {isa = PBXFileReference; lastKnownFileType = file.xib; name = en; path = en.lproj/MasterViewController_iPhone.xib; sourceTree = "<group>"; };
		250635581704821300DBA7BA /* en */ = {isa = PBXFileReference; lastKnownFileType = file.xib; name = en; path = en.lproj/MasterViewController_iPad.xib; sourceTree = "<group>"; };
		2506355B1704821300DBA7BA /* en */ = {isa = PBXFileReference; lastKnownFileType = file.xib; name = en; path = en.lproj/DetailViewController_iPhone.xib; sourceTree = "<group>"; };
		2506355E1704821300DBA7BA /* en */ = {isa = PBXFileReference; lastKnownFileType = file.xib; name = en; path = en.lproj/DetailViewController_iPad.xib; sourceTree = "<group>"; };
		25063567170488CE00DBA7BA /* Localization.h */ = {isa = PBXFileReference; lastKnownFileType = sourcecode.c.h; path = Localization.h; sourceTree = "<group>"; };
		25063568170489C700DBA7BA /* RequestDispatcher.h */ = {isa = PBXFileReference; fileEncoding = 4; lastKnownFileType = sourcecode.c.h; path = RequestDispatcher.h; sourceTree = "<group>"; };
		25063569170489C700DBA7BA /* RequestDispatcher.m */ = {isa = PBXFileReference; fileEncoding = 4; lastKnownFileType = sourcecode.c.objc; path = RequestDispatcher.m; sourceTree = "<group>"; };
		2506356B17048E9000DBA7BA /* DBHandler.h */ = {isa = PBXFileReference; fileEncoding = 4; lastKnownFileType = sourcecode.c.h; path = DBHandler.h; sourceTree = "<group>"; };
		2506356C17048E9000DBA7BA /* DBHandler.m */ = {isa = PBXFileReference; fileEncoding = 4; lastKnownFileType = sourcecode.c.objc; path = DBHandler.m; sourceTree = "<group>"; };
		2506356E17048EAA00DBA7BA /* libsqlite3.dylib */ = {isa = PBXFileReference; lastKnownFileType = "compiled.mach-o.dylib"; name = libsqlite3.dylib; path = usr/lib/libsqlite3.dylib; sourceTree = SDKROOT; };
		250635701704983D00DBA7BA /* Enums.h */ = {isa = PBXFileReference; lastKnownFileType = sourcecode.c.h; path = Enums.h; sourceTree = "<group>"; };
		253CBFB51712CDBE00C3DA3B /* Places.sqlite */ = {isa = PBXFileReference; lastKnownFileType = file; path = Places.sqlite; sourceTree = "<group>"; };
		2598011E1705992A0025806D /* ResourceLoader.h */ = {isa = PBXFileReference; fileEncoding = 4; lastKnownFileType = sourcecode.c.h; path = ResourceLoader.h; sourceTree = "<group>"; };
		2598011F1705992A0025806D /* ResourceLoader.m */ = {isa = PBXFileReference; fileEncoding = 4; lastKnownFileType = sourcecode.c.objc; path = ResourceLoader.m; sourceTree = "<group>"; };
		2598012117059C210025806D /* MapKit.framework */ = {isa = PBXFileReference; lastKnownFileType = wrapper.framework; name = MapKit.framework; path = System/Library/Frameworks/MapKit.framework; sourceTree = SDKROOT; };
		2598012317059C2F0025806D /* CoreLocation.framework */ = {isa = PBXFileReference; lastKnownFileType = wrapper.framework; name = CoreLocation.framework; path = System/Library/Frameworks/CoreLocation.framework; sourceTree = SDKROOT; };
		259801251705A25D0025806D /* PlaceEntity.h */ = {isa = PBXFileReference; fileEncoding = 4; lastKnownFileType = sourcecode.c.h; path = PlaceEntity.h; sourceTree = "<group>"; };
		259801261705A25D0025806D /* PlaceEntity.m */ = {isa = PBXFileReference; fileEncoding = 4; lastKnownFileType = sourcecode.c.objc; path = PlaceEntity.m; sourceTree = "<group>"; };
		259801291705AF160025806D /* PlaceViewController.h */ = {isa = PBXFileReference; fileEncoding = 4; lastKnownFileType = sourcecode.c.h; path = PlaceViewController.h; sourceTree = "<group>"; };
		2598012A1705AF160025806D /* PlaceViewController.m */ = {isa = PBXFileReference; fileEncoding = 4; lastKnownFileType = sourcecode.c.objc; path = PlaceViewController.m; sourceTree = "<group>"; };
		2598012B1705AF160025806D /* PlaceViewController~ipad.xib */ = {isa = PBXFileReference; fileEncoding = 4; lastKnownFileType = file.xib; path = "PlaceViewController~ipad.xib"; sourceTree = "<group>"; };
		259801301705AF920025806D /* PlaceViewController~iphone.xib */ = {isa = PBXFileReference; fileEncoding = 4; lastKnownFileType = file.xib; path = "PlaceViewController~iphone.xib"; sourceTree = "<group>"; };
		259801321705D9120025806D /* SearchViewController.h */ = {isa = PBXFileReference; fileEncoding = 4; lastKnownFileType = sourcecode.c.h; path = SearchViewController.h; sourceTree = "<group>"; };
		259801331705D9130025806D /* SearchViewController.m */ = {isa = PBXFileReference; fileEncoding = 4; lastKnownFileType = sourcecode.c.objc; path = SearchViewController.m; sourceTree = "<group>"; };
		259801341705D9130025806D /* SearchViewController~ipad.xib */ = {isa = PBXFileReference; fileEncoding = 4; lastKnownFileType = file.xib; path = "SearchViewController~ipad.xib"; sourceTree = "<group>"; };
		259801371705D93E0025806D /* SearchViewController~iphone.xib */ = {isa = PBXFileReference; fileEncoding = 4; lastKnownFileType = file.xib; path = "SearchViewController~iphone.xib"; sourceTree = "<group>"; };
		25DA64191709AD2100F04710 /* RouteEntity.h */ = {isa = PBXFileReference; fileEncoding = 4; lastKnownFileType = sourcecode.c.h; path = RouteEntity.h; sourceTree = "<group>"; };
		25DA641A1709AD2100F04710 /* RouteEntity.m */ = {isa = PBXFileReference; fileEncoding = 4; lastKnownFileType = sourcecode.c.objc; path = RouteEntity.m; sourceTree = "<group>"; };
		25DA641C1709AE3600F04710 /* RouteViewController.h */ = {isa = PBXFileReference; fileEncoding = 4; lastKnownFileType = sourcecode.c.h; path = RouteViewController.h; sourceTree = "<group>"; };
		25DA641D1709AE3600F04710 /* RouteViewController.m */ = {isa = PBXFileReference; fileEncoding = 4; lastKnownFileType = sourcecode.c.objc; path = RouteViewController.m; sourceTree = "<group>"; };
		25DA641E1709AE3600F04710 /* RouteViewController~ipad.xib */ = {isa = PBXFileReference; fileEncoding = 4; lastKnownFileType = file.xib; path = "RouteViewController~ipad.xib"; sourceTree = "<group>"; };
		25DA64211709AE5F00F04710 /* RouteViewController~iphone.xib */ = {isa = PBXFileReference; fileEncoding = 4; lastKnownFileType = file.xib; path = "RouteViewController~iphone.xib"; sourceTree = "<group>"; };
		25DA642A1709BB8900F04710 /* question-mark.png */ = {isa = PBXFileReference; lastKnownFileType = image.png; name = "question-mark.png"; path = "Images/question-mark.png"; sourceTree = "<group>"; };
		25DA642C1709BD9B00F04710 /* question-mark~ipad.png */ = {isa = PBXFileReference; lastKnownFileType = image.png; name = "question-mark~ipad.png"; path = "Images/question-mark~ipad.png"; sourceTree = "<group>"; };
		25DA64301709C0D700F04710 /* CommonViewController.h */ = {isa = PBXFileReference; fileEncoding = 4; lastKnownFileType = sourcecode.c.h; path = CommonViewController.h; sourceTree = "<group>"; };
		25DA64311709C0D700F04710 /* CommonViewController.m */ = {isa = PBXFileReference; fileEncoding = 4; lastKnownFileType = sourcecode.c.objc; path = CommonViewController.m; sourceTree = "<group>"; };
		25DA64321709C0D700F04710 /* CommonViewController~ipad.xib */ = {isa = PBXFileReference; fileEncoding = 4; lastKnownFileType = file.xib; path = "CommonViewController~ipad.xib"; sourceTree = "<group>"; };
		25DA64351709C0FC00F04710 /* CommonViewController~iphone.xib */ = {isa = PBXFileReference; fileEncoding = 4; lastKnownFileType = file.xib; path = "CommonViewController~iphone.xib"; sourceTree = "<group>"; };
		C527089A17132DF30050B054 /* WeatherManager.h */ = {isa = PBXFileReference; fileEncoding = 4; lastKnownFileType = sourcecode.c.h; path = WeatherManager.h; sourceTree = "<group>"; };
		C527089B17132DF30050B054 /* WeatherManager.m */ = {isa = PBXFileReference; fileEncoding = 4; lastKnownFileType = sourcecode.c.objc; path = WeatherManager.m; sourceTree = "<group>"; };
		C527089F17132F640050B054 /* WeatherParser.h */ = {isa = PBXFileReference; fileEncoding = 4; lastKnownFileType = sourcecode.c.h; path = WeatherParser.h; sourceTree = "<group>"; };
		C52708A017132F640050B054 /* WeatherParser.m */ = {isa = PBXFileReference; fileEncoding = 4; lastKnownFileType = sourcecode.c.objc; path = WeatherParser.m; sourceTree = "<group>"; };
		C52708A2171330100050B054 /* JSONKit.h */ = {isa = PBXFileReference; fileEncoding = 4; lastKnownFileType = sourcecode.c.h; path = JSONKit.h; sourceTree = "<group>"; };
		C52708A3171330100050B054 /* JSONKit.m */ = {isa = PBXFileReference; fileEncoding = 4; lastKnownFileType = sourcecode.c.objc; path = JSONKit.m; sourceTree = "<group>"; };
		C52708A5171330360050B054 /* Weather.h */ = {isa = PBXFileReference; fileEncoding = 4; lastKnownFileType = sourcecode.c.h; path = Weather.h; sourceTree = "<group>"; };
		C52708A6171330360050B054 /* Weather.m */ = {isa = PBXFileReference; fileEncoding = 4; lastKnownFileType = sourcecode.c.objc; path = Weather.m; sourceTree = "<group>"; };
		C52708B7171332CA0050B054 /* 0.png */ = {isa = PBXFileReference; lastKnownFileType = image.png; path = 0.png; sourceTree = "<group>"; };
		C52708B8171332CA0050B054 /* 1.png */ = {isa = PBXFileReference; lastKnownFileType = image.png; path = 1.png; sourceTree = "<group>"; };
		C52708B9171332CA0050B054 /* 10.png */ = {isa = PBXFileReference; lastKnownFileType = image.png; path = 10.png; sourceTree = "<group>"; };
		C52708BA171332CA0050B054 /* 11.png */ = {isa = PBXFileReference; lastKnownFileType = image.png; path = 11.png; sourceTree = "<group>"; };
		C52708BB171332CA0050B054 /* 12.png */ = {isa = PBXFileReference; lastKnownFileType = image.png; path = 12.png; sourceTree = "<group>"; };
		C52708BC171332CA0050B054 /* 13.png */ = {isa = PBXFileReference; lastKnownFileType = image.png; path = 13.png; sourceTree = "<group>"; };
		C52708BD171332CA0050B054 /* 14.png */ = {isa = PBXFileReference; lastKnownFileType = image.png; path = 14.png; sourceTree = "<group>"; };
		C52708BE171332CA0050B054 /* 15.png */ = {isa = PBXFileReference; lastKnownFileType = image.png; path = 15.png; sourceTree = "<group>"; };
		C52708BF171332CA0050B054 /* 16.png */ = {isa = PBXFileReference; lastKnownFileType = image.png; path = 16.png; sourceTree = "<group>"; };
		C52708C0171332CA0050B054 /* 17.png */ = {isa = PBXFileReference; lastKnownFileType = image.png; path = 17.png; sourceTree = "<group>"; };
		C52708C1171332CA0050B054 /* 18.png */ = {isa = PBXFileReference; lastKnownFileType = image.png; path = 18.png; sourceTree = "<group>"; };
		C52708C2171332CA0050B054 /* 19.png */ = {isa = PBXFileReference; lastKnownFileType = image.png; path = 19.png; sourceTree = "<group>"; };
		C52708C3171332CA0050B054 /* 2.png */ = {isa = PBXFileReference; lastKnownFileType = image.png; path = 2.png; sourceTree = "<group>"; };
		C52708C4171332CA0050B054 /* 20.png */ = {isa = PBXFileReference; lastKnownFileType = image.png; path = 20.png; sourceTree = "<group>"; };
		C52708C5171332CA0050B054 /* 21.png */ = {isa = PBXFileReference; lastKnownFileType = image.png; path = 21.png; sourceTree = "<group>"; };
		C52708C6171332CA0050B054 /* 22.png */ = {isa = PBXFileReference; lastKnownFileType = image.png; path = 22.png; sourceTree = "<group>"; };
		C52708C7171332CA0050B054 /* 23.png */ = {isa = PBXFileReference; lastKnownFileType = image.png; path = 23.png; sourceTree = "<group>"; };
		C52708C8171332CA0050B054 /* 24.png */ = {isa = PBXFileReference; lastKnownFileType = image.png; path = 24.png; sourceTree = "<group>"; };
		C52708C9171332CA0050B054 /* 25.png */ = {isa = PBXFileReference; lastKnownFileType = image.png; path = 25.png; sourceTree = "<group>"; };
		C52708CA171332CA0050B054 /* 26.png */ = {isa = PBXFileReference; lastKnownFileType = image.png; path = 26.png; sourceTree = "<group>"; };
		C52708CB171332CA0050B054 /* 27.png */ = {isa = PBXFileReference; lastKnownFileType = image.png; path = 27.png; sourceTree = "<group>"; };
		C52708CC171332CA0050B054 /* 28.png */ = {isa = PBXFileReference; lastKnownFileType = image.png; path = 28.png; sourceTree = "<group>"; };
		C52708CD171332CA0050B054 /* 29.png */ = {isa = PBXFileReference; lastKnownFileType = image.png; path = 29.png; sourceTree = "<group>"; };
		C52708CE171332CA0050B054 /* 3.png */ = {isa = PBXFileReference; lastKnownFileType = image.png; path = 3.png; sourceTree = "<group>"; };
		C52708CF171332CA0050B054 /* 30.png */ = {isa = PBXFileReference; lastKnownFileType = image.png; path = 30.png; sourceTree = "<group>"; };
		C52708D0171332CA0050B054 /* 31.png */ = {isa = PBXFileReference; lastKnownFileType = image.png; path = 31.png; sourceTree = "<group>"; };
		C52708D1171332CA0050B054 /* 32.png */ = {isa = PBXFileReference; lastKnownFileType = image.png; path = 32.png; sourceTree = "<group>"; };
		C52708D2171332CA0050B054 /* 33.png */ = {isa = PBXFileReference; lastKnownFileType = image.png; path = 33.png; sourceTree = "<group>"; };
		C52708D3171332CA0050B054 /* 34.png */ = {isa = PBXFileReference; lastKnownFileType = image.png; path = 34.png; sourceTree = "<group>"; };
		C52708D4171332CA0050B054 /* 35.png */ = {isa = PBXFileReference; lastKnownFileType = image.png; path = 35.png; sourceTree = "<group>"; };
		C52708D5171332CA0050B054 /* 36.png */ = {isa = PBXFileReference; lastKnownFileType = image.png; path = 36.png; sourceTree = "<group>"; };
		C52708D6171332CA0050B054 /* 37.png */ = {isa = PBXFileReference; lastKnownFileType = image.png; path = 37.png; sourceTree = "<group>"; };
		C52708D7171332CA0050B054 /* 38.png */ = {isa = PBXFileReference; lastKnownFileType = image.png; path = 38.png; sourceTree = "<group>"; };
		C52708D8171332CA0050B054 /* 39.png */ = {isa = PBXFileReference; lastKnownFileType = image.png; path = 39.png; sourceTree = "<group>"; };
		C52708D9171332CA0050B054 /* 4.png */ = {isa = PBXFileReference; lastKnownFileType = image.png; path = 4.png; sourceTree = "<group>"; };
		C52708DA171332CA0050B054 /* 40.png */ = {isa = PBXFileReference; lastKnownFileType = image.png; path = 40.png; sourceTree = "<group>"; };
		C52708DB171332CA0050B054 /* 41.png */ = {isa = PBXFileReference; lastKnownFileType = image.png; path = 41.png; sourceTree = "<group>"; };
		C52708DC171332CA0050B054 /* 42.png */ = {isa = PBXFileReference; lastKnownFileType = image.png; path = 42.png; sourceTree = "<group>"; };
		C52708DD171332CA0050B054 /* 43.png */ = {isa = PBXFileReference; lastKnownFileType = image.png; path = 43.png; sourceTree = "<group>"; };
		C52708DE171332CA0050B054 /* 44.png */ = {isa = PBXFileReference; lastKnownFileType = image.png; path = 44.png; sourceTree = "<group>"; };
		C52708DF171332CA0050B054 /* 45.png */ = {isa = PBXFileReference; lastKnownFileType = image.png; path = 45.png; sourceTree = "<group>"; };
		C52708E0171332CA0050B054 /* 46.png */ = {isa = PBXFileReference; lastKnownFileType = image.png; path = 46.png; sourceTree = "<group>"; };
		C52708E1171332CA0050B054 /* 47.png */ = {isa = PBXFileReference; lastKnownFileType = image.png; path = 47.png; sourceTree = "<group>"; };
		C52708E2171332CA0050B054 /* 5.png */ = {isa = PBXFileReference; lastKnownFileType = image.png; path = 5.png; sourceTree = "<group>"; };
		C52708E3171332CA0050B054 /* 6.png */ = {isa = PBXFileReference; lastKnownFileType = image.png; path = 6.png; sourceTree = "<group>"; };
		C52708E4171332CA0050B054 /* 7.png */ = {isa = PBXFileReference; lastKnownFileType = image.png; path = 7.png; sourceTree = "<group>"; };
		C52708E5171332CA0050B054 /* 8.png */ = {isa = PBXFileReference; lastKnownFileType = image.png; path = 8.png; sourceTree = "<group>"; };
		C52708E6171332CA0050B054 /* 9.png */ = {isa = PBXFileReference; lastKnownFileType = image.png; path = 9.png; sourceTree = "<group>"; };
/* End PBXFileReference section */

/* Begin PBXFrameworksBuildPhase section */
		250635301704821100DBA7BA /* Frameworks */ = {
			isa = PBXFrameworksBuildPhase;
			buildActionMask = 2147483647;
			files = (
				250635371704821100DBA7BA /* UIKit.framework in Frameworks */,
				250635391704821100DBA7BA /* Foundation.framework in Frameworks */,
				2506353B1704821100DBA7BA /* CoreGraphics.framework in Frameworks */,
				2598012217059C210025806D /* MapKit.framework in Frameworks */,
				2598012417059C2F0025806D /* CoreLocation.framework in Frameworks */,
				2506356F17048EAA00DBA7BA /* libsqlite3.dylib in Frameworks */,
			);
			runOnlyForDeploymentPostprocessing = 0;
		};
/* End PBXFrameworksBuildPhase section */

/* Begin PBXGroup section */
		2506352A1704821100DBA7BA = {
			isa = PBXGroup;
			children = (
				2506353C1704821200DBA7BA /* Place */,
				250635351704821100DBA7BA /* Frameworks */,
				250635341704821100DBA7BA /* Products */,
			);
			sourceTree = "<group>";
		};
		250635341704821100DBA7BA /* Products */ = {
			isa = PBXGroup;
			children = (
				250635331704821100DBA7BA /* Place.app */,
			);
			name = Products;
			sourceTree = "<group>";
		};
		250635351704821100DBA7BA /* Frameworks */ = {
			isa = PBXGroup;
			children = (
				2598012317059C2F0025806D /* CoreLocation.framework */,
				2598012117059C210025806D /* MapKit.framework */,
				2506356E17048EAA00DBA7BA /* libsqlite3.dylib */,
				250635361704821100DBA7BA /* UIKit.framework */,
				250635381704821100DBA7BA /* Foundation.framework */,
				2506353A1704821100DBA7BA /* CoreGraphics.framework */,
			);
			name = Frameworks;
			sourceTree = "<group>";
		};
		2506353C1704821200DBA7BA /* Place */ = {
			isa = PBXGroup;
			children = (
				250635451704821200DBA7BA /* AppDelegate.h */,
				250635461704821200DBA7BA /* AppDelegate.m */,
				250635511704821300DBA7BA /* DetailViewController.h */,
				250635521704821300DBA7BA /* DetailViewController.m */,
				2506354E1704821300DBA7BA /* MasterViewController.h */,
				2506354F1704821300DBA7BA /* MasterViewController.m */,
				C527089E17132F270050B054 /* Weather */,
				25DA642F1709C06C00F04710 /* P&R */,
				259801281705A2680025806D /* Place_Model */,
				250635651704889200DBA7BA /* Resources */,
				25DA64181709ACEF00F04710 /* Route_Model */,
				25DA642E1709BEEE00F04710 /* Search */,
				2506353D1704821200DBA7BA /* Supporting Files */,
				250635661704889F00DBA7BA /* Utility */,
			);
			path = Place;
			sourceTree = "<group>";
		};
		2506353D1704821200DBA7BA /* Supporting Files */ = {
			isa = PBXGroup;
			children = (
				2506353E1704821200DBA7BA /* Place-Info.plist */,
				2506353F1704821200DBA7BA /* InfoPlist.strings */,
				250635421704821200DBA7BA /* main.m */,
				250635441704821200DBA7BA /* Place-Prefix.pch */,
				250635481704821300DBA7BA /* Default.png */,
				2506354A1704821300DBA7BA /* Default@2x.png */,
				2506354C1704821300DBA7BA /* Default-568h@2x.png */,
			);
			name = "Supporting Files";
			sourceTree = "<group>";
		};
		250635651704889200DBA7BA /* Resources */ = {
			isa = PBXGroup;
			children = (
				253CBFB51712CDBE00C3DA3B /* Places.sqlite */,
				25DA64291709BB7300F04710 /* Images */,
				250635541704821300DBA7BA /* MasterViewController_iPhone.xib */,
				250635571704821300DBA7BA /* MasterViewController_iPad.xib */,
				2506355A1704821300DBA7BA /* DetailViewController_iPhone.xib */,
				2506355D1704821300DBA7BA /* DetailViewController_iPad.xib */,
			);
			name = Resources;
			sourceTree = "<group>";
		};
		250635661704889F00DBA7BA /* Utility */ = {
			isa = PBXGroup;
			children = (
				C52708A2171330100050B054 /* JSONKit.h */,
				C52708A3171330100050B054 /* JSONKit.m */,
				25063567170488CE00DBA7BA /* Localization.h */,
				250635701704983D00DBA7BA /* Enums.h */,
				25063568170489C700DBA7BA /* RequestDispatcher.h */,
				25063569170489C700DBA7BA /* RequestDispatcher.m */,
				2506356B17048E9000DBA7BA /* DBHandler.h */,
				2506356C17048E9000DBA7BA /* DBHandler.m */,
				2598011E1705992A0025806D /* ResourceLoader.h */,
				2598011F1705992A0025806D /* ResourceLoader.m */,
			);
			name = Utility;
			sourceTree = "<group>";
		};
		259801281705A2680025806D /* Place_Model */ = {
			isa = PBXGroup;
			children = (
				259801251705A25D0025806D /* PlaceEntity.h */,
				259801261705A25D0025806D /* PlaceEntity.m */,
				259801291705AF160025806D /* PlaceViewController.h */,
				2598012A1705AF160025806D /* PlaceViewController.m */,
				2598012B1705AF160025806D /* PlaceViewController~ipad.xib */,
				259801301705AF920025806D /* PlaceViewController~iphone.xib */,
			);
			name = Place_Model;
			sourceTree = "<group>";
		};
		25DA64181709ACEF00F04710 /* Route_Model */ = {
			isa = PBXGroup;
			children = (
				25DA64191709AD2100F04710 /* RouteEntity.h */,
				25DA641A1709AD2100F04710 /* RouteEntity.m */,
				25DA641C1709AE3600F04710 /* RouteViewController.h */,
				25DA641D1709AE3600F04710 /* RouteViewController.m */,
				25DA641E1709AE3600F04710 /* RouteViewController~ipad.xib */,
				25DA64211709AE5F00F04710 /* RouteViewController~iphone.xib */,
			);
			name = Route_Model;
			sourceTree = "<group>";
		};
		25DA64291709BB7300F04710 /* Images */ = {
			isa = PBXGroup;
			children = (
				25DA642A1709BB8900F04710 /* question-mark.png */,
				25DA642C1709BD9B00F04710 /* question-mark~ipad.png */,
			);
			name = Images;
			sourceTree = "<group>";
		};
		25DA642E1709BEEE00F04710 /* Search */ = {
			isa = PBXGroup;
			children = (
				259801321705D9120025806D /* SearchViewController.h */,
				259801331705D9130025806D /* SearchViewController.m */,
				259801341705D9130025806D /* SearchViewController~ipad.xib */,
				259801371705D93E0025806D /* SearchViewController~iphone.xib */,
			);
			name = Search;
			sourceTree = "<group>";
		};
		25DA642F1709C06C00F04710 /* P&R */ = {
			isa = PBXGroup;
			children = (
				25DA64301709C0D700F04710 /* CommonViewController.h */,
				25DA64311709C0D700F04710 /* CommonViewController.m */,
				25DA64351709C0FC00F04710 /* CommonViewController~iphone.xib */,
				25DA64321709C0D700F04710 /* CommonViewController~ipad.xib */,
			);
			name = "P&R";
			sourceTree = "<group>";
		};
		C527089E17132F270050B054 /* Weather */ = {
			isa = PBXGroup;
			children = (
				C52708A5171330360050B054 /* Weather.h */,
				C52708A6171330360050B054 /* Weather.m */,
				C527089F17132F640050B054 /* WeatherParser.h */,
				C52708A017132F640050B054 /* WeatherParser.m */,
				C527089A17132DF30050B054 /* WeatherManager.h */,
				C527089B17132DF30050B054 /* WeatherManager.m */,
				C52708B6171332CA0050B054 /* weather icon */,
			);
			name = Weather;
			sourceTree = "<group>";
		};
		C52708B6171332CA0050B054 /* weather icon */ = {
			isa = PBXGroup;
			children = (
				C52708B7171332CA0050B054 /* 0.png */,
				C52708B8171332CA0050B054 /* 1.png */,
				C52708B9171332CA0050B054 /* 10.png */,
				C52708BA171332CA0050B054 /* 11.png */,
				C52708BB171332CA0050B054 /* 12.png */,
				C52708BC171332CA0050B054 /* 13.png */,
				C52708BD171332CA0050B054 /* 14.png */,
				C52708BE171332CA0050B054 /* 15.png */,
				C52708BF171332CA0050B054 /* 16.png */,
				C52708C0171332CA0050B054 /* 17.png */,
				C52708C1171332CA0050B054 /* 18.png */,
				C52708C2171332CA0050B054 /* 19.png */,
				C52708C3171332CA0050B054 /* 2.png */,
				C52708C4171332CA0050B054 /* 20.png */,
				C52708C5171332CA0050B054 /* 21.png */,
				C52708C6171332CA0050B054 /* 22.png */,
				C52708C7171332CA0050B054 /* 23.png */,
				C52708C8171332CA0050B054 /* 24.png */,
				C52708C9171332CA0050B054 /* 25.png */,
				C52708CA171332CA0050B054 /* 26.png */,
				C52708CB171332CA0050B054 /* 27.png */,
				C52708CC171332CA0050B054 /* 28.png */,
				C52708CD171332CA0050B054 /* 29.png */,
				C52708CE171332CA0050B054 /* 3.png */,
				C52708CF171332CA0050B054 /* 30.png */,
				C52708D0171332CA0050B054 /* 31.png */,
				C52708D1171332CA0050B054 /* 32.png */,
				C52708D2171332CA0050B054 /* 33.png */,
				C52708D3171332CA0050B054 /* 34.png */,
				C52708D4171332CA0050B054 /* 35.png */,
				C52708D5171332CA0050B054 /* 36.png */,
				C52708D6171332CA0050B054 /* 37.png */,
				C52708D7171332CA0050B054 /* 38.png */,
				C52708D8171332CA0050B054 /* 39.png */,
				C52708D9171332CA0050B054 /* 4.png */,
				C52708DA171332CA0050B054 /* 40.png */,
				C52708DB171332CA0050B054 /* 41.png */,
				C52708DC171332CA0050B054 /* 42.png */,
				C52708DD171332CA0050B054 /* 43.png */,
				C52708DE171332CA0050B054 /* 44.png */,
				C52708DF171332CA0050B054 /* 45.png */,
				C52708E0171332CA0050B054 /* 46.png */,
				C52708E1171332CA0050B054 /* 47.png */,
				C52708E2171332CA0050B054 /* 5.png */,
				C52708E3171332CA0050B054 /* 6.png */,
				C52708E4171332CA0050B054 /* 7.png */,
				C52708E5171332CA0050B054 /* 8.png */,
				C52708E6171332CA0050B054 /* 9.png */,
			);
			path = "weather icon";
			sourceTree = "<group>";
		};
/* End PBXGroup section */

/* Begin PBXNativeTarget section */
		250635321704821100DBA7BA /* Place */ = {
			isa = PBXNativeTarget;
			buildConfigurationList = 250635621704821300DBA7BA /* Build configuration list for PBXNativeTarget "Place" */;
			buildPhases = (
				2506352F1704821100DBA7BA /* Sources */,
				250635301704821100DBA7BA /* Frameworks */,
				250635311704821100DBA7BA /* Resources */,
			);
			buildRules = (
			);
			dependencies = (
			);
			name = Place;
			productName = Place;
			productReference = 250635331704821100DBA7BA /* Place.app */;
			productType = "com.apple.product-type.application";
		};
/* End PBXNativeTarget section */

/* Begin PBXProject section */
		2506352B1704821100DBA7BA /* Project object */ = {
			isa = PBXProject;
			attributes = {
				LastUpgradeCheck = 0460;
				ORGANIZATIONNAME = "Iurii Oliiar";
			};
			buildConfigurationList = 2506352E1704821100DBA7BA /* Build configuration list for PBXProject "Place" */;
			compatibilityVersion = "Xcode 3.2";
			developmentRegion = English;
			hasScannedForEncodings = 0;
			knownRegions = (
				en,
			);
			mainGroup = 2506352A1704821100DBA7BA;
			productRefGroup = 250635341704821100DBA7BA /* Products */;
			projectDirPath = "";
			projectRoot = "";
			targets = (
				250635321704821100DBA7BA /* Place */,
			);
		};
/* End PBXProject section */

/* Begin PBXResourcesBuildPhase section */
		250635311704821100DBA7BA /* Resources */ = {
			isa = PBXResourcesBuildPhase;
			buildActionMask = 2147483647;
			files = (
				250635411704821200DBA7BA /* InfoPlist.strings in Resources */,
				250635491704821300DBA7BA /* Default.png in Resources */,
				2506354B1704821300DBA7BA /* Default@2x.png in Resources */,
				2506354D1704821300DBA7BA /* Default-568h@2x.png in Resources */,
				250635561704821300DBA7BA /* MasterViewController_iPhone.xib in Resources */,
				250635591704821300DBA7BA /* MasterViewController_iPad.xib in Resources */,
				2506355C1704821300DBA7BA /* DetailViewController_iPhone.xib in Resources */,
				2506355F1704821300DBA7BA /* DetailViewController_iPad.xib in Resources */,
				2598012D1705AF160025806D /* PlaceViewController~ipad.xib in Resources */,
				259801311705AF920025806D /* PlaceViewController~iphone.xib in Resources */,
				259801361705D9130025806D /* SearchViewController~ipad.xib in Resources */,
				259801381705D93E0025806D /* SearchViewController~iphone.xib in Resources */,
				25DA64201709AE3600F04710 /* RouteViewController~ipad.xib in Resources */,
				25DA64221709AE5F00F04710 /* RouteViewController~iphone.xib in Resources */,
				25DA642B1709BB8900F04710 /* question-mark.png in Resources */,
				25DA642D1709BD9B00F04710 /* question-mark~ipad.png in Resources */,
				25DA64341709C0D700F04710 /* CommonViewController~ipad.xib in Resources */,
				25DA64361709C0FC00F04710 /* CommonViewController~iphone.xib in Resources */,
				253CBFB61712CDBE00C3DA3B /* Places.sqlite in Resources */,
				C52708E7171332CA0050B054 /* 0.png in Resources */,
				C52708E8171332CA0050B054 /* 1.png in Resources */,
				C52708E9171332CA0050B054 /* 10.png in Resources */,
				C52708EA171332CA0050B054 /* 11.png in Resources */,
				C52708EB171332CA0050B054 /* 12.png in Resources */,
				C52708EC171332CA0050B054 /* 13.png in Resources */,
				C52708ED171332CA0050B054 /* 14.png in Resources */,
				C52708EE171332CA0050B054 /* 15.png in Resources */,
				C52708EF171332CA0050B054 /* 16.png in Resources */,
				C52708F0171332CA0050B054 /* 17.png in Resources */,
				C52708F1171332CA0050B054 /* 18.png in Resources */,
				C52708F2171332CA0050B054 /* 19.png in Resources */,
				C52708F3171332CA0050B054 /* 2.png in Resources */,
				C52708F4171332CA0050B054 /* 20.png in Resources */,
				C52708F5171332CA0050B054 /* 21.png in Resources */,
				C52708F6171332CA0050B054 /* 22.png in Resources */,
				C52708F7171332CA0050B054 /* 23.png in Resources */,
				C52708F8171332CA0050B054 /* 24.png in Resources */,
				C52708F9171332CA0050B054 /* 25.png in Resources */,
				C52708FA171332CA0050B054 /* 26.png in Resources */,
				C52708FB171332CA0050B054 /* 27.png in Resources */,
				C52708FC171332CA0050B054 /* 28.png in Resources */,
				C52708FD171332CA0050B054 /* 29.png in Resources */,
				C52708FE171332CA0050B054 /* 3.png in Resources */,
				C52708FF171332CA0050B054 /* 30.png in Resources */,
				C5270900171332CA0050B054 /* 31.png in Resources */,
				C5270901171332CA0050B054 /* 32.png in Resources */,
				C5270902171332CA0050B054 /* 33.png in Resources */,
				C5270903171332CA0050B054 /* 34.png in Resources */,
				C5270904171332CA0050B054 /* 35.png in Resources */,
				C5270905171332CA0050B054 /* 36.png in Resources */,
				C5270906171332CA0050B054 /* 37.png in Resources */,
				C5270907171332CA0050B054 /* 38.png in Resources */,
				C5270908171332CA0050B054 /* 39.png in Resources */,
				C5270909171332CA0050B054 /* 4.png in Resources */,
				C527090A171332CA0050B054 /* 40.png in Resources */,
				C527090B171332CA0050B054 /* 41.png in Resources */,
				C527090C171332CA0050B054 /* 42.png in Resources */,
				C527090D171332CA0050B054 /* 43.png in Resources */,
				C527090E171332CA0050B054 /* 44.png in Resources */,
				C527090F171332CA0050B054 /* 45.png in Resources */,
				C5270910171332CA0050B054 /* 46.png in Resources */,
				C5270911171332CA0050B054 /* 47.png in Resources */,
				C5270912171332CA0050B054 /* 5.png in Resources */,
				C5270913171332CA0050B054 /* 6.png in Resources */,
				C5270914171332CA0050B054 /* 7.png in Resources */,
				C5270915171332CA0050B054 /* 8.png in Resources */,
				C5270916171332CA0050B054 /* 9.png in Resources */,
			);
			runOnlyForDeploymentPostprocessing = 0;
		};
/* End PBXResourcesBuildPhase section */

/* Begin PBXSourcesBuildPhase section */
		2506352F1704821100DBA7BA /* Sources */ = {
			isa = PBXSourcesBuildPhase;
			buildActionMask = 2147483647;
			files = (
				250635431704821200DBA7BA /* main.m in Sources */,
				250635471704821200DBA7BA /* AppDelegate.m in Sources */,
				250635501704821300DBA7BA /* MasterViewController.m in Sources */,
				250635531704821300DBA7BA /* DetailViewController.m in Sources */,
				2506356A170489C700DBA7BA /* RequestDispatcher.m in Sources */,
				2506356D17048E9000DBA7BA /* DBHandler.m in Sources */,
				259801201705992A0025806D /* ResourceLoader.m in Sources */,
				259801271705A25D0025806D /* PlaceEntity.m in Sources */,
				2598012C1705AF160025806D /* PlaceViewController.m in Sources */,
				259801351705D9130025806D /* SearchViewController.m in Sources */,
				25DA641B1709AD2100F04710 /* RouteEntity.m in Sources */,
				25DA641F1709AE3600F04710 /* RouteViewController.m in Sources */,
				25DA64331709C0D700F04710 /* CommonViewController.m in Sources */,
				C527089C17132DF30050B054 /* WeatherManager.m in Sources */,
				C52708A117132F640050B054 /* WeatherParser.m in Sources */,
				C52708A4171330100050B054 /* JSONKit.m in Sources */,
				C52708A7171330360050B054 /* Weather.m in Sources */,
			);
			runOnlyForDeploymentPostprocessing = 0;
		};
/* End PBXSourcesBuildPhase section */

/* Begin PBXVariantGroup section */
		2506353F1704821200DBA7BA /* InfoPlist.strings */ = {
			isa = PBXVariantGroup;
			children = (
				250635401704821200DBA7BA /* en */,
			);
			name = InfoPlist.strings;
			sourceTree = "<group>";
		};
		250635541704821300DBA7BA /* MasterViewController_iPhone.xib */ = {
			isa = PBXVariantGroup;
			children = (
				250635551704821300DBA7BA /* en */,
			);
			name = MasterViewController_iPhone.xib;
			sourceTree = "<group>";
		};
		250635571704821300DBA7BA /* MasterViewController_iPad.xib */ = {
			isa = PBXVariantGroup;
			children = (
				250635581704821300DBA7BA /* en */,
			);
			name = MasterViewController_iPad.xib;
			sourceTree = "<group>";
		};
		2506355A1704821300DBA7BA /* DetailViewController_iPhone.xib */ = {
			isa = PBXVariantGroup;
			children = (
				2506355B1704821300DBA7BA /* en */,
			);
			name = DetailViewController_iPhone.xib;
			sourceTree = "<group>";
		};
		2506355D1704821300DBA7BA /* DetailViewController_iPad.xib */ = {
			isa = PBXVariantGroup;
			children = (
				2506355E1704821300DBA7BA /* en */,
			);
			name = DetailViewController_iPad.xib;
			sourceTree = "<group>";
		};
/* End PBXVariantGroup section */

/* Begin XCBuildConfiguration section */
		250635601704821300DBA7BA /* Debug */ = {
			isa = XCBuildConfiguration;
			buildSettings = {
				ALWAYS_SEARCH_USER_PATHS = NO;
				CLANG_CXX_LANGUAGE_STANDARD = "gnu++0x";
				CLANG_CXX_LIBRARY = "libc++";
				CLANG_WARN_CONSTANT_CONVERSION = YES;
				CLANG_WARN_EMPTY_BODY = YES;
				CLANG_WARN_ENUM_CONVERSION = YES;
				CLANG_WARN_INT_CONVERSION = YES;
				CLANG_WARN__DUPLICATE_METHOD_MATCH = YES;
				"CODE_SIGN_IDENTITY[sdk=iphoneos*]" = "iPhone Developer";
				COPY_PHASE_STRIP = NO;
				GCC_C_LANGUAGE_STANDARD = gnu99;
				GCC_DYNAMIC_NO_PIC = NO;
				GCC_OPTIMIZATION_LEVEL = 0;
				GCC_PREPROCESSOR_DEFINITIONS = (
					"DEBUG=1",
					"$(inherited)",
				);
				GCC_SYMBOLS_PRIVATE_EXTERN = NO;
				GCC_WARN_ABOUT_RETURN_TYPE = YES;
				GCC_WARN_UNINITIALIZED_AUTOS = YES;
				GCC_WARN_UNUSED_VARIABLE = YES;
				IPHONEOS_DEPLOYMENT_TARGET = 6.1;
				ONLY_ACTIVE_ARCH = YES;
				SDKROOT = iphoneos;
				TARGETED_DEVICE_FAMILY = "1,2";
			};
			name = Debug;
		};
		250635611704821300DBA7BA /* Release */ = {
			isa = XCBuildConfiguration;
			buildSettings = {
				ALWAYS_SEARCH_USER_PATHS = NO;
				CLANG_CXX_LANGUAGE_STANDARD = "gnu++0x";
				CLANG_CXX_LIBRARY = "libc++";
				CLANG_WARN_CONSTANT_CONVERSION = YES;
				CLANG_WARN_EMPTY_BODY = YES;
				CLANG_WARN_ENUM_CONVERSION = YES;
				CLANG_WARN_INT_CONVERSION = YES;
				CLANG_WARN__DUPLICATE_METHOD_MATCH = YES;
				"CODE_SIGN_IDENTITY[sdk=iphoneos*]" = "iPhone Developer";
				COPY_PHASE_STRIP = YES;
				GCC_C_LANGUAGE_STANDARD = gnu99;
				GCC_WARN_ABOUT_RETURN_TYPE = YES;
				GCC_WARN_UNINITIALIZED_AUTOS = YES;
				GCC_WARN_UNUSED_VARIABLE = YES;
				IPHONEOS_DEPLOYMENT_TARGET = 6.1;
				OTHER_CFLAGS = "-DNS_BLOCK_ASSERTIONS=1";
				SDKROOT = iphoneos;
				TARGETED_DEVICE_FAMILY = "1,2";
				VALIDATE_PRODUCT = YES;
			};
			name = Release;
		};
		250635631704821300DBA7BA /* Debug */ = {
			isa = XCBuildConfiguration;
			buildSettings = {
				GCC_PRECOMPILE_PREFIX_HEADER = YES;
				GCC_PREFIX_HEADER = "Place/Place-Prefix.pch";
				INFOPLIST_FILE = "Place/Place-Info.plist";
				IPHONEOS_DEPLOYMENT_TARGET = 5.0;
				PRODUCT_NAME = "$(TARGET_NAME)";
				WRAPPER_EXTENSION = app;
			};
			name = Debug;
		};
		250635641704821300DBA7BA /* Release */ = {
			isa = XCBuildConfiguration;
			buildSettings = {
				GCC_PRECOMPILE_PREFIX_HEADER = YES;
				GCC_PREFIX_HEADER = "Place/Place-Prefix.pch";
				INFOPLIST_FILE = "Place/Place-Info.plist";
				IPHONEOS_DEPLOYMENT_TARGET = 5.0;
				PRODUCT_NAME = "$(TARGET_NAME)";
				WRAPPER_EXTENSION = app;
			};
			name = Release;
		};
/* End XCBuildConfiguration section */

/* Begin XCConfigurationList section */
		2506352E1704821100DBA7BA /* Build configuration list for PBXProject "Place" */ = {
			isa = XCConfigurationList;
			buildConfigurations = (
				250635601704821300DBA7BA /* Debug */,
				250635611704821300DBA7BA /* Release */,
			);
			defaultConfigurationIsVisible = 0;
			defaultConfigurationName = Release;
		};
		250635621704821300DBA7BA /* Build configuration list for PBXNativeTarget "Place" */ = {
			isa = XCConfigurationList;
			buildConfigurations = (
				250635631704821300DBA7BA /* Debug */,
				250635641704821300DBA7BA /* Release */,
			);
			defaultConfigurationIsVisible = 0;
			defaultConfigurationName = Release;
		};
/* End XCConfigurationList section */
	};
	rootObject = 2506352B1704821100DBA7BA /* Project object */;
}
