// !$*UTF8*$!
{
	archiveVersion = 1;
	classes = {
	};
	objectVersion = 46;
	objects = {

/* Begin PBXBuildFile section */
		250635371704821100DBA7BA /* UIKit.framework in Frameworks */ = {isa = PBXBuildFile; fileRef = 250635361704821100DBA7BA /* UIKit.framework */; };
		250635391704821100DBA7BA /* Foundation.framework in Frameworks */ = {isa = PBXBuildFile; fileRef = 250635381704821100DBA7BA /* Foundation.framework */; };
		2506353B1704821100DBA7BA /* CoreGraphics.framework in Frameworks */ = {isa = PBXBuildFile; fileRef = 2506353A1704821100DBA7BA /* CoreGraphics.framework */; };
		250635411704821200DBA7BA /* InfoPlist.strings in Resources */ = {isa = PBXBuildFile; fileRef = 2506353F1704821200DBA7BA /* InfoPlist.strings */; };
		250635431704821200DBA7BA /* main.m in Sources */ = {isa = PBXBuildFile; fileRef = 250635421704821200DBA7BA /* main.m */; };
		250635471704821200DBA7BA /* AppDelegate.m in Sources */ = {isa = PBXBuildFile; fileRef = 250635461704821200DBA7BA /* AppDelegate.m */; };
		250635491704821300DBA7BA /* Default.png in Resources */ = {isa = PBXBuildFile; fileRef = 250635481704821300DBA7BA /* Default.png */; };
		2506354B1704821300DBA7BA /* Default@2x.png in Resources */ = {isa = PBXBuildFile; fileRef = 2506354A1704821300DBA7BA /* Default@2x.png */; };
		2506354D1704821300DBA7BA /* Default-568h@2x.png in Resources */ = {isa = PBXBuildFile; fileRef = 2506354C1704821300DBA7BA /* Default-568h@2x.png */; };
		250635501704821300DBA7BA /* MasterViewController.m in Sources */ = {isa = PBXBuildFile; fileRef = 2506354F1704821300DBA7BA /* MasterViewController.m */; };
		250635531704821300DBA7BA /* DetailViewController.m in Sources */ = {isa = PBXBuildFile; fileRef = 250635521704821300DBA7BA /* DetailViewController.m */; };
		250635561704821300DBA7BA /* MasterViewController~iphone.xib in Resources */ = {isa = PBXBuildFile; fileRef = 250635541704821300DBA7BA /* MasterViewController~iphone.xib */; };
		250635591704821300DBA7BA /* MasterViewController~ipad.xib in Resources */ = {isa = PBXBuildFile; fileRef = 250635571704821300DBA7BA /* MasterViewController~ipad.xib */; };
		2506355C1704821300DBA7BA /* DetailViewController~iphone.xib in Resources */ = {isa = PBXBuildFile; fileRef = 2506355A1704821300DBA7BA /* DetailViewController~iphone.xib */; };
		2506355F1704821300DBA7BA /* DetailViewController~ipad.xib in Resources */ = {isa = PBXBuildFile; fileRef = 2506355D1704821300DBA7BA /* DetailViewController~ipad.xib */; };
		2506356A170489C700DBA7BA /* RequestDispatcher.m in Sources */ = {isa = PBXBuildFile; fileRef = 25063569170489C700DBA7BA /* RequestDispatcher.m */; };
		2506356D17048E9000DBA7BA /* DBHandler.m in Sources */ = {isa = PBXBuildFile; fileRef = 2506356C17048E9000DBA7BA /* DBHandler.m */; };
		2506356F17048EAA00DBA7BA /* libsqlite3.dylib in Frameworks */ = {isa = PBXBuildFile; fileRef = 2506356E17048EAA00DBA7BA /* libsqlite3.dylib */; };
		253CBFB61712CDBE00C3DA3B /* Places.sqlite in Resources */ = {isa = PBXBuildFile; fileRef = 253CBFB51712CDBE00C3DA3B /* Places.sqlite */; };
		258726111716BC5800D0D15C /* TwoLabelCell.m in Sources */ = {isa = PBXBuildFile; fileRef = 258726101716BC5800D0D15C /* TwoLabelCell.m */; };
		258726131716BC6C00D0D15C /* TwoLabelCell.xib in Resources */ = {isa = PBXBuildFile; fileRef = 258726121716BC6C00D0D15C /* TwoLabelCell.xib */; };
		2587261C1716C8F200D0D15C /* DatePickerController.m in Sources */ = {isa = PBXBuildFile; fileRef = 2587261A1716C8F100D0D15C /* DatePickerController.m */; };
		2587261D1716C8F200D0D15C /* DatePickerController.xib in Resources */ = {isa = PBXBuildFile; fileRef = 2587261B1716C8F200D0D15C /* DatePickerController.xib */; };
		2587261F1716CF7300D0D15C /* QuartzCore.framework in Frameworks */ = {isa = PBXBuildFile; fileRef = 2587261E1716CF7300D0D15C /* QuartzCore.framework */; };
		259801201705992A0025806D /* ResourceLoader.m in Sources */ = {isa = PBXBuildFile; fileRef = 2598011F1705992A0025806D /* ResourceLoader.m */; };
		2598012217059C210025806D /* MapKit.framework in Frameworks */ = {isa = PBXBuildFile; fileRef = 2598012117059C210025806D /* MapKit.framework */; };
		2598012417059C2F0025806D /* CoreLocation.framework in Frameworks */ = {isa = PBXBuildFile; fileRef = 2598012317059C2F0025806D /* CoreLocation.framework */; };
		259801271705A25D0025806D /* PlaceEntity.m in Sources */ = {isa = PBXBuildFile; fileRef = 259801261705A25D0025806D /* PlaceEntity.m */; };
		2598012C1705AF160025806D /* PlaceViewController.m in Sources */ = {isa = PBXBuildFile; fileRef = 2598012A1705AF160025806D /* PlaceViewController.m */; };
		2598012D1705AF160025806D /* PlaceViewController~ipad.xib in Resources */ = {isa = PBXBuildFile; fileRef = 2598012B1705AF160025806D /* PlaceViewController~ipad.xib */; };
		259801311705AF920025806D /* PlaceViewController~iphone.xib in Resources */ = {isa = PBXBuildFile; fileRef = 259801301705AF920025806D /* PlaceViewController~iphone.xib */; };
		25DA641B1709AD2100F04710 /* RouteEntity.m in Sources */ = {isa = PBXBuildFile; fileRef = 25DA641A1709AD2100F04710 /* RouteEntity.m */; };
		25DA641F1709AE3600F04710 /* RouteViewController.m in Sources */ = {isa = PBXBuildFile; fileRef = 25DA641D1709AE3600F04710 /* RouteViewController.m */; };
		25DA64201709AE3600F04710 /* RouteViewController~ipad.xib in Resources */ = {isa = PBXBuildFile; fileRef = 25DA641E1709AE3600F04710 /* RouteViewController~ipad.xib */; };
		25DA64221709AE5F00F04710 /* RouteViewController~iphone.xib in Resources */ = {isa = PBXBuildFile; fileRef = 25DA64211709AE5F00F04710 /* RouteViewController~iphone.xib */; };
		25DA642B1709BB8900F04710 /* question-mark.png in Resources */ = {isa = PBXBuildFile; fileRef = 25DA642A1709BB8900F04710 /* question-mark.png */; };
		25DA642D1709BD9B00F04710 /* question-mark~ipad.png in Resources */ = {isa = PBXBuildFile; fileRef = 25DA642C1709BD9B00F04710 /* question-mark~ipad.png */; };
		25E8ACC9171424440096EDBC /* MenuPopController.m in Sources */ = {isa = PBXBuildFile; fileRef = 25E8ACC7171424440096EDBC /* MenuPopController.m */; };
		25E8ACCA171424440096EDBC /* MenuPopController.xib in Resources */ = {isa = PBXBuildFile; fileRef = 25E8ACC8171424440096EDBC /* MenuPopController.xib */; };
		25F7874917156EA900892CB4 /* JSONKit.m in Sources */ = {isa = PBXBuildFile; fileRef = 25F7870F17156EA900892CB4 /* JSONKit.m */; settings = {COMPILER_FLAGS = "-w"; }; };
		25F7874A17156EA900892CB4 /* PLPlaceManager.m in Sources */ = {isa = PBXBuildFile; fileRef = 25F7871117156EA900892CB4 /* PLPlaceManager.m */; };
		25F7874B17156EA900892CB4 /* 0.png in Resources */ = {isa = PBXBuildFile; fileRef = 25F7871317156EA900892CB4 /* 0.png */; };
		25F7874C17156EA900892CB4 /* 1.png in Resources */ = {isa = PBXBuildFile; fileRef = 25F7871417156EA900892CB4 /* 1.png */; };
		25F7874D17156EA900892CB4 /* 10.png in Resources */ = {isa = PBXBuildFile; fileRef = 25F7871517156EA900892CB4 /* 10.png */; };
		25F7874E17156EA900892CB4 /* 11.png in Resources */ = {isa = PBXBuildFile; fileRef = 25F7871617156EA900892CB4 /* 11.png */; };
		25F7874F17156EA900892CB4 /* 12.png in Resources */ = {isa = PBXBuildFile; fileRef = 25F7871717156EA900892CB4 /* 12.png */; };
		25F7875017156EA900892CB4 /* 13.png in Resources */ = {isa = PBXBuildFile; fileRef = 25F7871817156EA900892CB4 /* 13.png */; };
		25F7875117156EA900892CB4 /* 14.png in Resources */ = {isa = PBXBuildFile; fileRef = 25F7871917156EA900892CB4 /* 14.png */; };
		25F7875217156EA900892CB4 /* 15.png in Resources */ = {isa = PBXBuildFile; fileRef = 25F7871A17156EA900892CB4 /* 15.png */; };
		25F7875317156EA900892CB4 /* 16.png in Resources */ = {isa = PBXBuildFile; fileRef = 25F7871B17156EA900892CB4 /* 16.png */; };
		25F7875417156EA900892CB4 /* 17.png in Resources */ = {isa = PBXBuildFile; fileRef = 25F7871C17156EA900892CB4 /* 17.png */; };
		25F7875517156EA900892CB4 /* 18.png in Resources */ = {isa = PBXBuildFile; fileRef = 25F7871D17156EA900892CB4 /* 18.png */; };
		25F7875617156EA900892CB4 /* 19.png in Resources */ = {isa = PBXBuildFile; fileRef = 25F7871E17156EA900892CB4 /* 19.png */; };
		25F7875717156EA900892CB4 /* 2.png in Resources */ = {isa = PBXBuildFile; fileRef = 25F7871F17156EA900892CB4 /* 2.png */; };
		25F7875817156EA900892CB4 /* 20.png in Resources */ = {isa = PBXBuildFile; fileRef = 25F7872017156EA900892CB4 /* 20.png */; };
		25F7875917156EA900892CB4 /* 21.png in Resources */ = {isa = PBXBuildFile; fileRef = 25F7872117156EA900892CB4 /* 21.png */; };
		25F7875A17156EA900892CB4 /* 22.png in Resources */ = {isa = PBXBuildFile; fileRef = 25F7872217156EA900892CB4 /* 22.png */; };
		25F7875B17156EA900892CB4 /* 23.png in Resources */ = {isa = PBXBuildFile; fileRef = 25F7872317156EA900892CB4 /* 23.png */; };
		25F7875C17156EA900892CB4 /* 24.png in Resources */ = {isa = PBXBuildFile; fileRef = 25F7872417156EA900892CB4 /* 24.png */; };
		25F7875D17156EA900892CB4 /* 25.png in Resources */ = {isa = PBXBuildFile; fileRef = 25F7872517156EA900892CB4 /* 25.png */; };
		25F7875E17156EA900892CB4 /* 26.png in Resources */ = {isa = PBXBuildFile; fileRef = 25F7872617156EA900892CB4 /* 26.png */; };
		25F7875F17156EA900892CB4 /* 27.png in Resources */ = {isa = PBXBuildFile; fileRef = 25F7872717156EA900892CB4 /* 27.png */; };
		25F7876017156EA900892CB4 /* 28.png in Resources */ = {isa = PBXBuildFile; fileRef = 25F7872817156EA900892CB4 /* 28.png */; };
		25F7876117156EA900892CB4 /* 29.png in Resources */ = {isa = PBXBuildFile; fileRef = 25F7872917156EA900892CB4 /* 29.png */; };
		25F7876217156EA900892CB4 /* 3.png in Resources */ = {isa = PBXBuildFile; fileRef = 25F7872A17156EA900892CB4 /* 3.png */; };
		25F7876317156EA900892CB4 /* 30.png in Resources */ = {isa = PBXBuildFile; fileRef = 25F7872B17156EA900892CB4 /* 30.png */; };
		25F7876417156EA900892CB4 /* 31.png in Resources */ = {isa = PBXBuildFile; fileRef = 25F7872C17156EA900892CB4 /* 31.png */; };
		25F7876517156EA900892CB4 /* 32.png in Resources */ = {isa = PBXBuildFile; fileRef = 25F7872D17156EA900892CB4 /* 32.png */; };
		25F7876617156EA900892CB4 /* 33.png in Resources */ = {isa = PBXBuildFile; fileRef = 25F7872E17156EA900892CB4 /* 33.png */; };
		25F7876717156EA900892CB4 /* 34.png in Resources */ = {isa = PBXBuildFile; fileRef = 25F7872F17156EA900892CB4 /* 34.png */; };
		25F7876817156EA900892CB4 /* 35.png in Resources */ = {isa = PBXBuildFile; fileRef = 25F7873017156EA900892CB4 /* 35.png */; };
		25F7876917156EA900892CB4 /* 36.png in Resources */ = {isa = PBXBuildFile; fileRef = 25F7873117156EA900892CB4 /* 36.png */; };
		25F7876A17156EA900892CB4 /* 37.png in Resources */ = {isa = PBXBuildFile; fileRef = 25F7873217156EA900892CB4 /* 37.png */; };
		25F7876B17156EA900892CB4 /* 38.png in Resources */ = {isa = PBXBuildFile; fileRef = 25F7873317156EA900892CB4 /* 38.png */; };
		25F7876C17156EA900892CB4 /* 39.png in Resources */ = {isa = PBXBuildFile; fileRef = 25F7873417156EA900892CB4 /* 39.png */; };
		25F7876D17156EA900892CB4 /* 4.png in Resources */ = {isa = PBXBuildFile; fileRef = 25F7873517156EA900892CB4 /* 4.png */; };
		25F7876E17156EA900892CB4 /* 40.png in Resources */ = {isa = PBXBuildFile; fileRef = 25F7873617156EA900892CB4 /* 40.png */; };
		25F7876F17156EA900892CB4 /* 41.png in Resources */ = {isa = PBXBuildFile; fileRef = 25F7873717156EA900892CB4 /* 41.png */; };
		25F7877017156EA900892CB4 /* 42.png in Resources */ = {isa = PBXBuildFile; fileRef = 25F7873817156EA900892CB4 /* 42.png */; };
		25F7877117156EA900892CB4 /* 43.png in Resources */ = {isa = PBXBuildFile; fileRef = 25F7873917156EA900892CB4 /* 43.png */; };
		25F7877217156EA900892CB4 /* 44.png in Resources */ = {isa = PBXBuildFile; fileRef = 25F7873A17156EA900892CB4 /* 44.png */; };
		25F7877317156EA900892CB4 /* 45.png in Resources */ = {isa = PBXBuildFile; fileRef = 25F7873B17156EA900892CB4 /* 45.png */; };
		25F7877417156EA900892CB4 /* 46.png in Resources */ = {isa = PBXBuildFile; fileRef = 25F7873C17156EA900892CB4 /* 46.png */; };
		25F7877517156EA900892CB4 /* 47.png in Resources */ = {isa = PBXBuildFile; fileRef = 25F7873D17156EA900892CB4 /* 47.png */; };
		25F7877617156EA900892CB4 /* 5.png in Resources */ = {isa = PBXBuildFile; fileRef = 25F7873E17156EA900892CB4 /* 5.png */; };
		25F7877717156EA900892CB4 /* 6.png in Resources */ = {isa = PBXBuildFile; fileRef = 25F7873F17156EA900892CB4 /* 6.png */; };
		25F7877817156EA900892CB4 /* 7.png in Resources */ = {isa = PBXBuildFile; fileRef = 25F7874017156EA900892CB4 /* 7.png */; };
		25F7877917156EA900892CB4 /* 8.png in Resources */ = {isa = PBXBuildFile; fileRef = 25F7874117156EA900892CB4 /* 8.png */; };
		25F7877A17156EA900892CB4 /* 9.png in Resources */ = {isa = PBXBuildFile; fileRef = 25F7874217156EA900892CB4 /* 9.png */; };
		25F7877B17156EA900892CB4 /* Weather.m in Sources */ = {isa = PBXBuildFile; fileRef = 25F7874417156EA900892CB4 /* Weather.m */; };
		25F7877C17156EA900892CB4 /* WeatherManager.m in Sources */ = {isa = PBXBuildFile; fileRef = 25F7874617156EA900892CB4 /* WeatherManager.m */; };
		25F7877D17156EA900892CB4 /* WeatherParser.m in Sources */ = {isa = PBXBuildFile; fileRef = 25F7874817156EA900892CB4 /* WeatherParser.m */; };
		25F787841715A76300892CB4 /* TextFieldCell.m in Sources */ = {isa = PBXBuildFile; fileRef = 25F787831715A76300892CB4 /* TextFieldCell.m */; };
		25F787861715A78200892CB4 /* TextFieldCell.xib in Resources */ = {isa = PBXBuildFile; fileRef = 25F787851715A78100892CB4 /* TextFieldCell.xib */; };
/* End PBXBuildFile section */

/* Begin PBXFileReference section */
		250635331704821100DBA7BA /* Place.app */ = {isa = PBXFileReference; explicitFileType = wrapper.application; includeInIndex = 0; path = Place.app; sourceTree = BUILT_PRODUCTS_DIR; };
		250635361704821100DBA7BA /* UIKit.framework */ = {isa = PBXFileReference; lastKnownFileType = wrapper.framework; name = UIKit.framework; path = System/Library/Frameworks/UIKit.framework; sourceTree = SDKROOT; };
		250635381704821100DBA7BA /* Foundation.framework */ = {isa = PBXFileReference; lastKnownFileType = wrapper.framework; name = Foundation.framework; path = System/Library/Frameworks/Foundation.framework; sourceTree = SDKROOT; };
		2506353A1704821100DBA7BA /* CoreGraphics.framework */ = {isa = PBXFileReference; lastKnownFileType = wrapper.framework; name = CoreGraphics.framework; path = System/Library/Frameworks/CoreGraphics.framework; sourceTree = SDKROOT; };
		2506353E1704821200DBA7BA /* Place-Info.plist */ = {isa = PBXFileReference; lastKnownFileType = text.plist.xml; path = "Place-Info.plist"; sourceTree = "<group>"; };
		250635401704821200DBA7BA /* en */ = {isa = PBXFileReference; lastKnownFileType = text.plist.strings; name = en; path = en.lproj/InfoPlist.strings; sourceTree = "<group>"; };
		250635421704821200DBA7BA /* main.m */ = {isa = PBXFileReference; lastKnownFileType = sourcecode.c.objc; path = main.m; sourceTree = "<group>"; };
		250635441704821200DBA7BA /* Place-Prefix.pch */ = {isa = PBXFileReference; lastKnownFileType = sourcecode.c.h; path = "Place-Prefix.pch"; sourceTree = "<group>"; };
		250635451704821200DBA7BA /* AppDelegate.h */ = {isa = PBXFileReference; lastKnownFileType = sourcecode.c.h; path = AppDelegate.h; sourceTree = "<group>"; };
		250635461704821200DBA7BA /* AppDelegate.m */ = {isa = PBXFileReference; lastKnownFileType = sourcecode.c.objc; path = AppDelegate.m; sourceTree = "<group>"; };
		250635481704821300DBA7BA /* Default.png */ = {isa = PBXFileReference; lastKnownFileType = image.png; path = Default.png; sourceTree = "<group>"; };
		2506354A1704821300DBA7BA /* Default@2x.png */ = {isa = PBXFileReference; lastKnownFileType = image.png; path = "Default@2x.png"; sourceTree = "<group>"; };
		2506354C1704821300DBA7BA /* Default-568h@2x.png */ = {isa = PBXFileReference; lastKnownFileType = image.png; path = "Default-568h@2x.png"; sourceTree = "<group>"; };
		2506354E1704821300DBA7BA /* MasterViewController.h */ = {isa = PBXFileReference; lastKnownFileType = sourcecode.c.h; path = MasterViewController.h; sourceTree = "<group>"; };
		2506354F1704821300DBA7BA /* MasterViewController.m */ = {isa = PBXFileReference; lastKnownFileType = sourcecode.c.objc; path = MasterViewController.m; sourceTree = "<group>"; };
		250635511704821300DBA7BA /* DetailViewController.h */ = {isa = PBXFileReference; lastKnownFileType = sourcecode.c.h; path = DetailViewController.h; sourceTree = "<group>"; };
		250635521704821300DBA7BA /* DetailViewController.m */ = {isa = PBXFileReference; lastKnownFileType = sourcecode.c.objc; path = DetailViewController.m; sourceTree = "<group>"; };
		250635551704821300DBA7BA /* en */ = {isa = PBXFileReference; lastKnownFileType = file.xib; name = en; path = "en.lproj/MasterViewController~iphone.xib"; sourceTree = "<group>"; };
		250635581704821300DBA7BA /* en */ = {isa = PBXFileReference; lastKnownFileType = file.xib; name = en; path = "en.lproj/MasterViewController~ipad.xib"; sourceTree = "<group>"; };
		2506355B1704821300DBA7BA /* en */ = {isa = PBXFileReference; lastKnownFileType = file.xib; name = en; path = "en.lproj/DetailViewController~iphone.xib"; sourceTree = "<group>"; };
		2506355E1704821300DBA7BA /* en */ = {isa = PBXFileReference; lastKnownFileType = file.xib; name = en; path = "en.lproj/DetailViewController~ipad.xib"; sourceTree = "<group>"; };
		25063567170488CE00DBA7BA /* Localization.h */ = {isa = PBXFileReference; lastKnownFileType = sourcecode.c.h; path = Localization.h; sourceTree = "<group>"; };
		25063568170489C700DBA7BA /* RequestDispatcher.h */ = {isa = PBXFileReference; fileEncoding = 4; lastKnownFileType = sourcecode.c.h; path = RequestDispatcher.h; sourceTree = "<group>"; };
		25063569170489C700DBA7BA /* RequestDispatcher.m */ = {isa = PBXFileReference; fileEncoding = 4; lastKnownFileType = sourcecode.c.objc; path = RequestDispatcher.m; sourceTree = "<group>"; };
		2506356B17048E9000DBA7BA /* DBHandler.h */ = {isa = PBXFileReference; fileEncoding = 4; lastKnownFileType = sourcecode.c.h; path = DBHandler.h; sourceTree = "<group>"; };
		2506356C17048E9000DBA7BA /* DBHandler.m */ = {isa = PBXFileReference; fileEncoding = 4; lastKnownFileType = sourcecode.c.objc; path = DBHandler.m; sourceTree = "<group>"; };
		2506356E17048EAA00DBA7BA /* libsqlite3.dylib */ = {isa = PBXFileReference; lastKnownFileType = "compiled.mach-o.dylib"; name = libsqlite3.dylib; path = usr/lib/libsqlite3.dylib; sourceTree = SDKROOT; };
		250635701704983D00DBA7BA /* Enums.h */ = {isa = PBXFileReference; lastKnownFileType = sourcecode.c.h; path = Enums.h; sourceTree = "<group>"; };
		253CBFB51712CDBE00C3DA3B /* Places.sqlite */ = {isa = PBXFileReference; lastKnownFileType = file; path = Places.sqlite; sourceTree = "<group>"; };
		2587260F1716BC5800D0D15C /* TwoLabelCell.h */ = {isa = PBXFileReference; fileEncoding = 4; lastKnownFileType = sourcecode.c.h; path = TwoLabelCell.h; sourceTree = "<group>"; };
		258726101716BC5800D0D15C /* TwoLabelCell.m */ = {isa = PBXFileReference; fileEncoding = 4; lastKnownFileType = sourcecode.c.objc; path = TwoLabelCell.m; sourceTree = "<group>"; };
		258726121716BC6C00D0D15C /* TwoLabelCell.xib */ = {isa = PBXFileReference; fileEncoding = 4; lastKnownFileType = file.xib; path = TwoLabelCell.xib; sourceTree = "<group>"; };
		258726191716C8F100D0D15C /* DatePickerController.h */ = {isa = PBXFileReference; fileEncoding = 4; lastKnownFileType = sourcecode.c.h; path = DatePickerController.h; sourceTree = "<group>"; };
		2587261A1716C8F100D0D15C /* DatePickerController.m */ = {isa = PBXFileReference; fileEncoding = 4; lastKnownFileType = sourcecode.c.objc; path = DatePickerController.m; sourceTree = "<group>"; };
		2587261B1716C8F200D0D15C /* DatePickerController.xib */ = {isa = PBXFileReference; fileEncoding = 4; lastKnownFileType = file.xib; path = DatePickerController.xib; sourceTree = "<group>"; };
		2587261E1716CF7300D0D15C /* QuartzCore.framework */ = {isa = PBXFileReference; lastKnownFileType = wrapper.framework; name = QuartzCore.framework; path = System/Library/Frameworks/QuartzCore.framework; sourceTree = SDKROOT; };
		2598011E1705992A0025806D /* ResourceLoader.h */ = {isa = PBXFileReference; fileEncoding = 4; lastKnownFileType = sourcecode.c.h; path = ResourceLoader.h; sourceTree = "<group>"; };
		2598011F1705992A0025806D /* ResourceLoader.m */ = {isa = PBXFileReference; fileEncoding = 4; lastKnownFileType = sourcecode.c.objc; path = ResourceLoader.m; sourceTree = "<group>"; };
		2598012117059C210025806D /* MapKit.framework */ = {isa = PBXFileReference; lastKnownFileType = wrapper.framework; name = MapKit.framework; path = System/Library/Frameworks/MapKit.framework; sourceTree = SDKROOT; };
		2598012317059C2F0025806D /* CoreLocation.framework */ = {isa = PBXFileReference; lastKnownFileType = wrapper.framework; name = CoreLocation.framework; path = System/Library/Frameworks/CoreLocation.framework; sourceTree = SDKROOT; };
		259801251705A25D0025806D /* PlaceEntity.h */ = {isa = PBXFileReference; fileEncoding = 4; lastKnownFileType = sourcecode.c.h; path = PlaceEntity.h; sourceTree = "<group>"; };
		259801261705A25D0025806D /* PlaceEntity.m */ = {isa = PBXFileReference; fileEncoding = 4; lastKnownFileType = sourcecode.c.objc; path = PlaceEntity.m; sourceTree = "<group>"; };
		259801291705AF160025806D /* PlaceViewController.h */ = {isa = PBXFileReference; fileEncoding = 4; lastKnownFileType = sourcecode.c.h; path = PlaceViewController.h; sourceTree = "<group>"; };
		2598012A1705AF160025806D /* PlaceViewController.m */ = {isa = PBXFileReference; fileEncoding = 4; lastKnownFileType = sourcecode.c.objc; path = PlaceViewController.m; sourceTree = "<group>"; };
		2598012B1705AF160025806D /* PlaceViewController~ipad.xib */ = {isa = PBXFileReference; fileEncoding = 4; lastKnownFileType = file.xib; path = "PlaceViewController~ipad.xib"; sourceTree = "<group>"; };
		259801301705AF920025806D /* PlaceViewController~iphone.xib */ = {isa = PBXFileReference; fileEncoding = 4; lastKnownFileType = file.xib; path = "PlaceViewController~iphone.xib"; sourceTree = "<group>"; };
		25DA64191709AD2100F04710 /* RouteEntity.h */ = {isa = PBXFileReference; fileEncoding = 4; lastKnownFileType = sourcecode.c.h; path = RouteEntity.h; sourceTree = "<group>"; };
		25DA641A1709AD2100F04710 /* RouteEntity.m */ = {isa = PBXFileReference; fileEncoding = 4; lastKnownFileType = sourcecode.c.objc; path = RouteEntity.m; sourceTree = "<group>"; };
		25DA641C1709AE3600F04710 /* RouteViewController.h */ = {isa = PBXFileReference; fileEncoding = 4; lastKnownFileType = sourcecode.c.h; path = RouteViewController.h; sourceTree = "<group>"; };
		25DA641D1709AE3600F04710 /* RouteViewController.m */ = {isa = PBXFileReference; fileEncoding = 4; lastKnownFileType = sourcecode.c.objc; path = RouteViewController.m; sourceTree = "<group>"; };
		25DA641E1709AE3600F04710 /* RouteViewController~ipad.xib */ = {isa = PBXFileReference; fileEncoding = 4; lastKnownFileType = file.xib; path = "RouteViewController~ipad.xib"; sourceTree = "<group>"; };
		25DA64211709AE5F00F04710 /* RouteViewController~iphone.xib */ = {isa = PBXFileReference; fileEncoding = 4; lastKnownFileType = file.xib; path = "RouteViewController~iphone.xib"; sourceTree = "<group>"; };
		25DA642A1709BB8900F04710 /* question-mark.png */ = {isa = PBXFileReference; lastKnownFileType = image.png; name = "question-mark.png"; path = "Images/question-mark.png"; sourceTree = "<group>"; };
		25DA642C1709BD9B00F04710 /* question-mark~ipad.png */ = {isa = PBXFileReference; lastKnownFileType = image.png; name = "question-mark~ipad.png"; path = "Images/question-mark~ipad.png"; sourceTree = "<group>"; };
		25E8ACC6171424430096EDBC /* MenuPopController.h */ = {isa = PBXFileReference; fileEncoding = 4; lastKnownFileType = sourcecode.c.h; path = MenuPopController.h; sourceTree = "<group>"; };
		25E8ACC7171424440096EDBC /* MenuPopController.m */ = {isa = PBXFileReference; fileEncoding = 4; lastKnownFileType = sourcecode.c.objc; path = MenuPopController.m; sourceTree = "<group>"; };
		25E8ACC8171424440096EDBC /* MenuPopController.xib */ = {isa = PBXFileReference; fileEncoding = 4; lastKnownFileType = file.xib; path = MenuPopController.xib; sourceTree = "<group>"; };
		25F7870E17156EA900892CB4 /* JSONKit.h */ = {isa = PBXFileReference; fileEncoding = 4; lastKnownFileType = sourcecode.c.h; path = JSONKit.h; sourceTree = "<group>"; };
		25F7870F17156EA900892CB4 /* JSONKit.m */ = {isa = PBXFileReference; fileEncoding = 4; lastKnownFileType = sourcecode.c.objc; path = JSONKit.m; sourceTree = "<group>"; };
		25F7871017156EA900892CB4 /* PLPlaceManager.h */ = {isa = PBXFileReference; fileEncoding = 4; lastKnownFileType = sourcecode.c.h; path = PLPlaceManager.h; sourceTree = "<group>"; };
		25F7871117156EA900892CB4 /* PLPlaceManager.m */ = {isa = PBXFileReference; fileEncoding = 4; lastKnownFileType = sourcecode.c.objc; path = PLPlaceManager.m; sourceTree = "<group>"; };
		25F7871317156EA900892CB4 /* 0.png */ = {isa = PBXFileReference; lastKnownFileType = image.png; path = 0.png; sourceTree = "<group>"; };
		25F7871417156EA900892CB4 /* 1.png */ = {isa = PBXFileReference; lastKnownFileType = image.png; path = 1.png; sourceTree = "<group>"; };
		25F7871517156EA900892CB4 /* 10.png */ = {isa = PBXFileReference; lastKnownFileType = image.png; path = 10.png; sourceTree = "<group>"; };
		25F7871617156EA900892CB4 /* 11.png */ = {isa = PBXFileReference; lastKnownFileType = image.png; path = 11.png; sourceTree = "<group>"; };
		25F7871717156EA900892CB4 /* 12.png */ = {isa = PBXFileReference; lastKnownFileType = image.png; path = 12.png; sourceTree = "<group>"; };
		25F7871817156EA900892CB4 /* 13.png */ = {isa = PBXFileReference; lastKnownFileType = image.png; path = 13.png; sourceTree = "<group>"; };
		25F7871917156EA900892CB4 /* 14.png */ = {isa = PBXFileReference; lastKnownFileType = image.png; path = 14.png; sourceTree = "<group>"; };
		25F7871A17156EA900892CB4 /* 15.png */ = {isa = PBXFileReference; lastKnownFileType = image.png; path = 15.png; sourceTree = "<group>"; };
		25F7871B17156EA900892CB4 /* 16.png */ = {isa = PBXFileReference; lastKnownFileType = image.png; path = 16.png; sourceTree = "<group>"; };
		25F7871C17156EA900892CB4 /* 17.png */ = {isa = PBXFileReference; lastKnownFileType = image.png; path = 17.png; sourceTree = "<group>"; };
		25F7871D17156EA900892CB4 /* 18.png */ = {isa = PBXFileReference; lastKnownFileType = image.png; path = 18.png; sourceTree = "<group>"; };
		25F7871E17156EA900892CB4 /* 19.png */ = {isa = PBXFileReference; lastKnownFileType = image.png; path = 19.png; sourceTree = "<group>"; };
		25F7871F17156EA900892CB4 /* 2.png */ = {isa = PBXFileReference; lastKnownFileType = image.png; path = 2.png; sourceTree = "<group>"; };
		25F7872017156EA900892CB4 /* 20.png */ = {isa = PBXFileReference; lastKnownFileType = image.png; path = 20.png; sourceTree = "<group>"; };
		25F7872117156EA900892CB4 /* 21.png */ = {isa = PBXFileReference; lastKnownFileType = image.png; path = 21.png; sourceTree = "<group>"; };
		25F7872217156EA900892CB4 /* 22.png */ = {isa = PBXFileReference; lastKnownFileType = image.png; path = 22.png; sourceTree = "<group>"; };
		25F7872317156EA900892CB4 /* 23.png */ = {isa = PBXFileReference; lastKnownFileType = image.png; path = 23.png; sourceTree = "<group>"; };
		25F7872417156EA900892CB4 /* 24.png */ = {isa = PBXFileReference; lastKnownFileType = image.png; path = 24.png; sourceTree = "<group>"; };
		25F7872517156EA900892CB4 /* 25.png */ = {isa = PBXFileReference; lastKnownFileType = image.png; path = 25.png; sourceTree = "<group>"; };
		25F7872617156EA900892CB4 /* 26.png */ = {isa = PBXFileReference; lastKnownFileType = image.png; path = 26.png; sourceTree = "<group>"; };
		25F7872717156EA900892CB4 /* 27.png */ = {isa = PBXFileReference; lastKnownFileType = image.png; path = 27.png; sourceTree = "<group>"; };
		25F7872817156EA900892CB4 /* 28.png */ = {isa = PBXFileReference; lastKnownFileType = image.png; path = 28.png; sourceTree = "<group>"; };
		25F7872917156EA900892CB4 /* 29.png */ = {isa = PBXFileReference; lastKnownFileType = image.png; path = 29.png; sourceTree = "<group>"; };
		25F7872A17156EA900892CB4 /* 3.png */ = {isa = PBXFileReference; lastKnownFileType = image.png; path = 3.png; sourceTree = "<group>"; };
		25F7872B17156EA900892CB4 /* 30.png */ = {isa = PBXFileReference; lastKnownFileType = image.png; path = 30.png; sourceTree = "<group>"; };
		25F7872C17156EA900892CB4 /* 31.png */ = {isa = PBXFileReference; lastKnownFileType = image.png; path = 31.png; sourceTree = "<group>"; };
		25F7872D17156EA900892CB4 /* 32.png */ = {isa = PBXFileReference; lastKnownFileType = image.png; path = 32.png; sourceTree = "<group>"; };
		25F7872E17156EA900892CB4 /* 33.png */ = {isa = PBXFileReference; lastKnownFileType = image.png; path = 33.png; sourceTree = "<group>"; };
		25F7872F17156EA900892CB4 /* 34.png */ = {isa = PBXFileReference; lastKnownFileType = image.png; path = 34.png; sourceTree = "<group>"; };
		25F7873017156EA900892CB4 /* 35.png */ = {isa = PBXFileReference; lastKnownFileType = image.png; path = 35.png; sourceTree = "<group>"; };
		25F7873117156EA900892CB4 /* 36.png */ = {isa = PBXFileReference; lastKnownFileType = image.png; path = 36.png; sourceTree = "<group>"; };
		25F7873217156EA900892CB4 /* 37.png */ = {isa = PBXFileReference; lastKnownFileType = image.png; path = 37.png; sourceTree = "<group>"; };
		25F7873317156EA900892CB4 /* 38.png */ = {isa = PBXFileReference; lastKnownFileType = image.png; path = 38.png; sourceTree = "<group>"; };
		25F7873417156EA900892CB4 /* 39.png */ = {isa = PBXFileReference; lastKnownFileType = image.png; path = 39.png; sourceTree = "<group>"; };
		25F7873517156EA900892CB4 /* 4.png */ = {isa = PBXFileReference; lastKnownFileType = image.png; path = 4.png; sourceTree = "<group>"; };
		25F7873617156EA900892CB4 /* 40.png */ = {isa = PBXFileReference; lastKnownFileType = image.png; path = 40.png; sourceTree = "<group>"; };
		25F7873717156EA900892CB4 /* 41.png */ = {isa = PBXFileReference; lastKnownFileType = image.png; path = 41.png; sourceTree = "<group>"; };
		25F7873817156EA900892CB4 /* 42.png */ = {isa = PBXFileReference; lastKnownFileType = image.png; path = 42.png; sourceTree = "<group>"; };
		25F7873917156EA900892CB4 /* 43.png */ = {isa = PBXFileReference; lastKnownFileType = image.png; path = 43.png; sourceTree = "<group>"; };
		25F7873A17156EA900892CB4 /* 44.png */ = {isa = PBXFileReference; lastKnownFileType = image.png; path = 44.png; sourceTree = "<group>"; };
		25F7873B17156EA900892CB4 /* 45.png */ = {isa = PBXFileReference; lastKnownFileType = image.png; path = 45.png; sourceTree = "<group>"; };
		25F7873C17156EA900892CB4 /* 46.png */ = {isa = PBXFileReference; lastKnownFileType = image.png; path = 46.png; sourceTree = "<group>"; };
		25F7873D17156EA900892CB4 /* 47.png */ = {isa = PBXFileReference; lastKnownFileType = image.png; path = 47.png; sourceTree = "<group>"; };
		25F7873E17156EA900892CB4 /* 5.png */ = {isa = PBXFileReference; lastKnownFileType = image.png; path = 5.png; sourceTree = "<group>"; };
		25F7873F17156EA900892CB4 /* 6.png */ = {isa = PBXFileReference; lastKnownFileType = image.png; path = 6.png; sourceTree = "<group>"; };
		25F7874017156EA900892CB4 /* 7.png */ = {isa = PBXFileReference; lastKnownFileType = image.png; path = 7.png; sourceTree = "<group>"; };
		25F7874117156EA900892CB4 /* 8.png */ = {isa = PBXFileReference; lastKnownFileType = image.png; path = 8.png; sourceTree = "<group>"; };
		25F7874217156EA900892CB4 /* 9.png */ = {isa = PBXFileReference; lastKnownFileType = image.png; path = 9.png; sourceTree = "<group>"; };
		25F7874317156EA900892CB4 /* Weather.h */ = {isa = PBXFileReference; fileEncoding = 4; lastKnownFileType = sourcecode.c.h; path = Weather.h; sourceTree = "<group>"; };
		25F7874417156EA900892CB4 /* Weather.m */ = {isa = PBXFileReference; fileEncoding = 4; lastKnownFileType = sourcecode.c.objc; path = Weather.m; sourceTree = "<group>"; };
		25F7874517156EA900892CB4 /* WeatherManager.h */ = {isa = PBXFileReference; fileEncoding = 4; lastKnownFileType = sourcecode.c.h; path = WeatherManager.h; sourceTree = "<group>"; };
		25F7874617156EA900892CB4 /* WeatherManager.m */ = {isa = PBXFileReference; fileEncoding = 4; lastKnownFileType = sourcecode.c.objc; path = WeatherManager.m; sourceTree = "<group>"; };
		25F7874717156EA900892CB4 /* WeatherParser.h */ = {isa = PBXFileReference; fileEncoding = 4; lastKnownFileType = sourcecode.c.h; path = WeatherParser.h; sourceTree = "<group>"; };
		25F7874817156EA900892CB4 /* WeatherParser.m */ = {isa = PBXFileReference; fileEncoding = 4; lastKnownFileType = sourcecode.c.objc; path = WeatherParser.m; sourceTree = "<group>"; };
		25F787821715A76300892CB4 /* TextFieldCell.h */ = {isa = PBXFileReference; fileEncoding = 4; lastKnownFileType = sourcecode.c.h; path = TextFieldCell.h; sourceTree = "<group>"; };
		25F787831715A76300892CB4 /* TextFieldCell.m */ = {isa = PBXFileReference; fileEncoding = 4; lastKnownFileType = sourcecode.c.objc; path = TextFieldCell.m; sourceTree = "<group>"; };
		25F787851715A78100892CB4 /* TextFieldCell.xib */ = {isa = PBXFileReference; fileEncoding = 4; lastKnownFileType = file.xib; path = TextFieldCell.xib; sourceTree = "<group>"; };
/* End PBXFileReference section */

/* Begin PBXFrameworksBuildPhase section */
		250635301704821100DBA7BA /* Frameworks */ = {
			isa = PBXFrameworksBuildPhase;
			buildActionMask = 2147483647;
			files = (
				250635371704821100DBA7BA /* UIKit.framework in Frameworks */,
				250635391704821100DBA7BA /* Foundation.framework in Frameworks */,
				2506353B1704821100DBA7BA /* CoreGraphics.framework in Frameworks */,
				2598012217059C210025806D /* MapKit.framework in Frameworks */,
				2587261F1716CF7300D0D15C /* QuartzCore.framework in Frameworks */,
				2598012417059C2F0025806D /* CoreLocation.framework in Frameworks */,
				2506356F17048EAA00DBA7BA /* libsqlite3.dylib in Frameworks */,
			);
			runOnlyForDeploymentPostprocessing = 0;
		};
/* End PBXFrameworksBuildPhase section */

/* Begin PBXGroup section */
		2506352A1704821100DBA7BA = {
			isa = PBXGroup;
			children = (
				2506353C1704821200DBA7BA /* Place */,
				250635341704821100DBA7BA /* Products */,
			);
			sourceTree = "<group>";
		};
		250635341704821100DBA7BA /* Products */ = {
			isa = PBXGroup;
			children = (
				250635331704821100DBA7BA /* Place.app */,
			);
			name = Products;
			sourceTree = "<group>";
		};
		250635351704821100DBA7BA /* Frameworks */ = {
			isa = PBXGroup;
			children = (
				2587261E1716CF7300D0D15C /* QuartzCore.framework */,
				2598012317059C2F0025806D /* CoreLocation.framework */,
				2598012117059C210025806D /* MapKit.framework */,
				2506356E17048EAA00DBA7BA /* libsqlite3.dylib */,
				250635361704821100DBA7BA /* UIKit.framework */,
				250635381704821100DBA7BA /* Foundation.framework */,
				2506353A1704821100DBA7BA /* CoreGraphics.framework */,
			);
			name = Frameworks;
			path = ..;
			sourceTree = "<group>";
		};
		2506353C1704821200DBA7BA /* Place */ = {
			isa = PBXGroup;
			children = (
				250635451704821200DBA7BA /* AppDelegate.h */,
				250635461704821200DBA7BA /* AppDelegate.m */,
				25E8ACCC17142EDF0096EDBC /* Detail */,
				25E8ACCB17142ECA0096EDBC /* Master */,
				25E8ACC6171424430096EDBC /* MenuPopController.h */,
				25E8ACC7171424440096EDBC /* MenuPopController.m */,
				25E8ACC8171424440096EDBC /* MenuPopController.xib */,
				259801281705A2680025806D /* Place_Model */,
				250635651704889200DBA7BA /* Resources */,
				25DA64181709ACEF00F04710 /* Route_Model */,
				2506353D1704821200DBA7BA /* Supporting Files */,
				250635661704889F00DBA7BA /* Utility */,
				25F7870D17156E4B00892CB4 /* Weather */,
				250635351704821100DBA7BA /* Frameworks */,
			);
			path = Place;
			sourceTree = "<group>";
		};
		2506353D1704821200DBA7BA /* Supporting Files */ = {
			isa = PBXGroup;
			children = (
				2506353E1704821200DBA7BA /* Place-Info.plist */,
				2506353F1704821200DBA7BA /* InfoPlist.strings */,
				250635421704821200DBA7BA /* main.m */,
				250635441704821200DBA7BA /* Place-Prefix.pch */,
				250635481704821300DBA7BA /* Default.png */,
				2506354A1704821300DBA7BA /* Default@2x.png */,
				2506354C1704821300DBA7BA /* Default-568h@2x.png */,
			);
			name = "Supporting Files";
			sourceTree = "<group>";
		};
		250635651704889200DBA7BA /* Resources */ = {
			isa = PBXGroup;
			children = (
				253CBFB51712CDBE00C3DA3B /* Places.sqlite */,
				25DA64291709BB7300F04710 /* Images */,
			);
			name = Resources;
			sourceTree = "<group>";
		};
		250635661704889F00DBA7BA /* Utility */ = {
			isa = PBXGroup;
			children = (
				25063567170488CE00DBA7BA /* Localization.h */,
				250635701704983D00DBA7BA /* Enums.h */,
				25063568170489C700DBA7BA /* RequestDispatcher.h */,
				25063569170489C700DBA7BA /* RequestDispatcher.m */,
				2506356B17048E9000DBA7BA /* DBHandler.h */,
				2506356C17048E9000DBA7BA /* DBHandler.m */,
				2598011E1705992A0025806D /* ResourceLoader.h */,
				2598011F1705992A0025806D /* ResourceLoader.m */,
			);
			name = Utility;
			sourceTree = "<group>";
		};
		259801281705A2680025806D /* Place_Model */ = {
			isa = PBXGroup;
			children = (
				259801251705A25D0025806D /* PlaceEntity.h */,
				259801261705A25D0025806D /* PlaceEntity.m */,
				2587260F1716BC5800D0D15C /* TwoLabelCell.h */,
				258726101716BC5800D0D15C /* TwoLabelCell.m */,
				258726121716BC6C00D0D15C /* TwoLabelCell.xib */,
				25F787821715A76300892CB4 /* TextFieldCell.h */,
				25F787851715A78100892CB4 /* TextFieldCell.xib */,
				25F787831715A76300892CB4 /* TextFieldCell.m */,
				258726191716C8F100D0D15C /* DatePickerController.h */,
				2587261A1716C8F100D0D15C /* DatePickerController.m */,
				2587261B1716C8F200D0D15C /* DatePickerController.xib */,
				259801291705AF160025806D /* PlaceViewController.h */,
				2598012A1705AF160025806D /* PlaceViewController.m */,
				2598012B1705AF160025806D /* PlaceViewController~ipad.xib */,
				259801301705AF920025806D /* PlaceViewController~iphone.xib */,
			);
			name = Place_Model;
			sourceTree = "<group>";
		};
		25DA64181709ACEF00F04710 /* Route_Model */ = {
			isa = PBXGroup;
			children = (
				25DA64191709AD2100F04710 /* RouteEntity.h */,
				25DA641A1709AD2100F04710 /* RouteEntity.m */,
				25DA641C1709AE3600F04710 /* RouteViewController.h */,
				25DA641D1709AE3600F04710 /* RouteViewController.m */,
				25DA641E1709AE3600F04710 /* RouteViewController~ipad.xib */,
				25DA64211709AE5F00F04710 /* RouteViewController~iphone.xib */,
			);
			name = Route_Model;
			sourceTree = "<group>";
		};
		25DA64291709BB7300F04710 /* Images */ = {
			isa = PBXGroup;
			children = (
				25DA642A1709BB8900F04710 /* question-mark.png */,
				25DA642C1709BD9B00F04710 /* question-mark~ipad.png */,
			);
			name = Images;
			sourceTree = "<group>";
		};
		25E8ACCB17142ECA0096EDBC /* Master */ = {
			isa = PBXGroup;
			children = (
				2506354E1704821300DBA7BA /* MasterViewController.h */,
				2506354F1704821300DBA7BA /* MasterViewController.m */,
				250635541704821300DBA7BA /* MasterViewController~iphone.xib */,
				250635571704821300DBA7BA /* MasterViewController~ipad.xib */,
			);
			name = Master;
			sourceTree = "<group>";
		};
		25E8ACCC17142EDF0096EDBC /* Detail */ = {
			isa = PBXGroup;
			children = (
				250635511704821300DBA7BA /* DetailViewController.h */,
				250635521704821300DBA7BA /* DetailViewController.m */,
				2506355A1704821300DBA7BA /* DetailViewController~iphone.xib */,
				2506355D1704821300DBA7BA /* DetailViewController~ipad.xib */,
			);
			name = Detail;
			sourceTree = "<group>";
		};
		25F7870D17156E4B00892CB4 /* Weather */ = {
			isa = PBXGroup;
			children = (
				25F7870E17156EA900892CB4 /* JSONKit.h */,
				25F7870F17156EA900892CB4 /* JSONKit.m */,
				25F7871017156EA900892CB4 /* PLPlaceManager.h */,
				25F7871117156EA900892CB4 /* PLPlaceManager.m */,
				25F7871217156EA900892CB4 /* weather icon */,
				25F7874317156EA900892CB4 /* Weather.h */,
				25F7874417156EA900892CB4 /* Weather.m */,
				25F7874517156EA900892CB4 /* WeatherManager.h */,
				25F7874617156EA900892CB4 /* WeatherManager.m */,
				25F7874717156EA900892CB4 /* WeatherParser.h */,
				25F7874817156EA900892CB4 /* WeatherParser.m */,
			);
			name = Weather;
			sourceTree = "<group>";
		};
		25F7871217156EA900892CB4 /* weather icon */ = {
			isa = PBXGroup;
			children = (
				25F7871317156EA900892CB4 /* 0.png */,
				25F7871417156EA900892CB4 /* 1.png */,
				25F7871517156EA900892CB4 /* 10.png */,
				25F7871617156EA900892CB4 /* 11.png */,
				25F7871717156EA900892CB4 /* 12.png */,
				25F7871817156EA900892CB4 /* 13.png */,
				25F7871917156EA900892CB4 /* 14.png */,
				25F7871A17156EA900892CB4 /* 15.png */,
				25F7871B17156EA900892CB4 /* 16.png */,
				25F7871C17156EA900892CB4 /* 17.png */,
				25F7871D17156EA900892CB4 /* 18.png */,
				25F7871E17156EA900892CB4 /* 19.png */,
				25F7871F17156EA900892CB4 /* 2.png */,
				25F7872017156EA900892CB4 /* 20.png */,
				25F7872117156EA900892CB4 /* 21.png */,
				25F7872217156EA900892CB4 /* 22.png */,
				25F7872317156EA900892CB4 /* 23.png */,
				25F7872417156EA900892CB4 /* 24.png */,
				25F7872517156EA900892CB4 /* 25.png */,
				25F7872617156EA900892CB4 /* 26.png */,
				25F7872717156EA900892CB4 /* 27.png */,
				25F7872817156EA900892CB4 /* 28.png */,
				25F7872917156EA900892CB4 /* 29.png */,
				25F7872A17156EA900892CB4 /* 3.png */,
				25F7872B17156EA900892CB4 /* 30.png */,
				25F7872C17156EA900892CB4 /* 31.png */,
				25F7872D17156EA900892CB4 /* 32.png */,
				25F7872E17156EA900892CB4 /* 33.png */,
				25F7872F17156EA900892CB4 /* 34.png */,
				25F7873017156EA900892CB4 /* 35.png */,
				25F7873117156EA900892CB4 /* 36.png */,
				25F7873217156EA900892CB4 /* 37.png */,
				25F7873317156EA900892CB4 /* 38.png */,
				25F7873417156EA900892CB4 /* 39.png */,
				25F7873517156EA900892CB4 /* 4.png */,
				25F7873617156EA900892CB4 /* 40.png */,
				25F7873717156EA900892CB4 /* 41.png */,
				25F7873817156EA900892CB4 /* 42.png */,
				25F7873917156EA900892CB4 /* 43.png */,
				25F7873A17156EA900892CB4 /* 44.png */,
				25F7873B17156EA900892CB4 /* 45.png */,
				25F7873C17156EA900892CB4 /* 46.png */,
				25F7873D17156EA900892CB4 /* 47.png */,
				25F7873E17156EA900892CB4 /* 5.png */,
				25F7873F17156EA900892CB4 /* 6.png */,
				25F7874017156EA900892CB4 /* 7.png */,
				25F7874117156EA900892CB4 /* 8.png */,
				25F7874217156EA900892CB4 /* 9.png */,
			);
			path = "weather icon";
			sourceTree = "<group>";
		};
/* End PBXGroup section */

/* Begin PBXNativeTarget section */
		250635321704821100DBA7BA /* Place */ = {
			isa = PBXNativeTarget;
			buildConfigurationList = 250635621704821300DBA7BA /* Build configuration list for PBXNativeTarget "Place" */;
			buildPhases = (
				2506352F1704821100DBA7BA /* Sources */,
				250635301704821100DBA7BA /* Frameworks */,
				250635311704821100DBA7BA /* Resources */,
			);
			buildRules = (
			);
			dependencies = (
			);
			name = Place;
			productName = Place;
			productReference = 250635331704821100DBA7BA /* Place.app */;
			productType = "com.apple.product-type.application";
		};
/* End PBXNativeTarget section */

/* Begin PBXProject section */
		2506352B1704821100DBA7BA /* Project object */ = {
			isa = PBXProject;
			attributes = {
				LastUpgradeCheck = 0460;
				ORGANIZATIONNAME = "Iurii Oliiar";
			};
			buildConfigurationList = 2506352E1704821100DBA7BA /* Build configuration list for PBXProject "Place" */;
			compatibilityVersion = "Xcode 3.2";
			developmentRegion = English;
			hasScannedForEncodings = 0;
			knownRegions = (
				en,
			);
			mainGroup = 2506352A1704821100DBA7BA;
			productRefGroup = 250635341704821100DBA7BA /* Products */;
			projectDirPath = "";
			projectRoot = "";
			targets = (
				250635321704821100DBA7BA /* Place */,
			);
		};
/* End PBXProject section */

/* Begin PBXResourcesBuildPhase section */
		250635311704821100DBA7BA /* Resources */ = {
			isa = PBXResourcesBuildPhase;
			buildActionMask = 2147483647;
			files = (
				250635411704821200DBA7BA /* InfoPlist.strings in Resources */,
				250635491704821300DBA7BA /* Default.png in Resources */,
				2506354B1704821300DBA7BA /* Default@2x.png in Resources */,
				2506354D1704821300DBA7BA /* Default-568h@2x.png in Resources */,
				250635561704821300DBA7BA /* MasterViewController~iphone.xib in Resources */,
				250635591704821300DBA7BA /* MasterViewController~ipad.xib in Resources */,
				2506355C1704821300DBA7BA /* DetailViewController~iphone.xib in Resources */,
				2506355F1704821300DBA7BA /* DetailViewController~ipad.xib in Resources */,
				2598012D1705AF160025806D /* PlaceViewController~ipad.xib in Resources */,
				259801311705AF920025806D /* PlaceViewController~iphone.xib in Resources */,
				25DA64201709AE3600F04710 /* RouteViewController~ipad.xib in Resources */,
				25DA64221709AE5F00F04710 /* RouteViewController~iphone.xib in Resources */,
				25DA642B1709BB8900F04710 /* question-mark.png in Resources */,
				25DA642D1709BD9B00F04710 /* question-mark~ipad.png in Resources */,
				253CBFB61712CDBE00C3DA3B /* Places.sqlite in Resources */,
				25E8ACCA171424440096EDBC /* MenuPopController.xib in Resources */,
				25F7874B17156EA900892CB4 /* 0.png in Resources */,
				25F7874C17156EA900892CB4 /* 1.png in Resources */,
				25F7874D17156EA900892CB4 /* 10.png in Resources */,
				25F7874E17156EA900892CB4 /* 11.png in Resources */,
				25F7874F17156EA900892CB4 /* 12.png in Resources */,
				25F7875017156EA900892CB4 /* 13.png in Resources */,
				25F7875117156EA900892CB4 /* 14.png in Resources */,
				25F7875217156EA900892CB4 /* 15.png in Resources */,
				25F7875317156EA900892CB4 /* 16.png in Resources */,
				25F7875417156EA900892CB4 /* 17.png in Resources */,
				25F7875517156EA900892CB4 /* 18.png in Resources */,
				25F7875617156EA900892CB4 /* 19.png in Resources */,
				25F7875717156EA900892CB4 /* 2.png in Resources */,
				25F7875817156EA900892CB4 /* 20.png in Resources */,
				25F7875917156EA900892CB4 /* 21.png in Resources */,
				25F7875A17156EA900892CB4 /* 22.png in Resources */,
				25F7875B17156EA900892CB4 /* 23.png in Resources */,
				25F7875C17156EA900892CB4 /* 24.png in Resources */,
				25F7875D17156EA900892CB4 /* 25.png in Resources */,
				25F7875E17156EA900892CB4 /* 26.png in Resources */,
				25F7875F17156EA900892CB4 /* 27.png in Resources */,
				25F7876017156EA900892CB4 /* 28.png in Resources */,
				25F7876117156EA900892CB4 /* 29.png in Resources */,
				25F7876217156EA900892CB4 /* 3.png in Resources */,
				25F7876317156EA900892CB4 /* 30.png in Resources */,
				25F7876417156EA900892CB4 /* 31.png in Resources */,
				25F7876517156EA900892CB4 /* 32.png in Resources */,
				25F7876617156EA900892CB4 /* 33.png in Resources */,
				25F7876717156EA900892CB4 /* 34.png in Resources */,
				25F7876817156EA900892CB4 /* 35.png in Resources */,
				25F7876917156EA900892CB4 /* 36.png in Resources */,
				25F7876A17156EA900892CB4 /* 37.png in Resources */,
				25F7876B17156EA900892CB4 /* 38.png in Resources */,
				25F7876C17156EA900892CB4 /* 39.png in Resources */,
				25F7876D17156EA900892CB4 /* 4.png in Resources */,
				25F7876E17156EA900892CB4 /* 40.png in Resources */,
				25F7876F17156EA900892CB4 /* 41.png in Resources */,
				25F7877017156EA900892CB4 /* 42.png in Resources */,
				25F7877117156EA900892CB4 /* 43.png in Resources */,
				25F7877217156EA900892CB4 /* 44.png in Resources */,
				25F7877317156EA900892CB4 /* 45.png in Resources */,
				25F7877417156EA900892CB4 /* 46.png in Resources */,
				25F7877517156EA900892CB4 /* 47.png in Resources */,
				25F7877617156EA900892CB4 /* 5.png in Resources */,
				25F7877717156EA900892CB4 /* 6.png in Resources */,
				25F7877817156EA900892CB4 /* 7.png in Resources */,
				25F7877917156EA900892CB4 /* 8.png in Resources */,
				25F7877A17156EA900892CB4 /* 9.png in Resources */,
				25F787861715A78200892CB4 /* TextFieldCell.xib in Resources */,
				258726131716BC6C00D0D15C /* TwoLabelCell.xib in Resources */,
				2587261D1716C8F200D0D15C /* DatePickerController.xib in Resources */,
			);
			runOnlyForDeploymentPostprocessing = 0;
		};
/* End PBXResourcesBuildPhase section */

/* Begin PBXSourcesBuildPhase section */
		2506352F1704821100DBA7BA /* Sources */ = {
			isa = PBXSourcesBuildPhase;
			buildActionMask = 2147483647;
			files = (
				250635431704821200DBA7BA /* main.m in Sources */,
				250635471704821200DBA7BA /* AppDelegate.m in Sources */,
				250635501704821300DBA7BA /* MasterViewController.m in Sources */,
				250635531704821300DBA7BA /* DetailViewController.m in Sources */,
				2506356A170489C700DBA7BA /* RequestDispatcher.m in Sources */,
				2506356D17048E9000DBA7BA /* DBHandler.m in Sources */,
				259801201705992A0025806D /* ResourceLoader.m in Sources */,
				259801271705A25D0025806D /* PlaceEntity.m in Sources */,
				2598012C1705AF160025806D /* PlaceViewController.m in Sources */,
				25DA641B1709AD2100F04710 /* RouteEntity.m in Sources */,
				25DA641F1709AE3600F04710 /* RouteViewController.m in Sources */,
				25E8ACC9171424440096EDBC /* MenuPopController.m in Sources */,
				25F7874917156EA900892CB4 /* JSONKit.m in Sources */,
				25F7874A17156EA900892CB4 /* PLPlaceManager.m in Sources */,
				25F7877B17156EA900892CB4 /* Weather.m in Sources */,
				25F7877C17156EA900892CB4 /* WeatherManager.m in Sources */,
				25F7877D17156EA900892CB4 /* WeatherParser.m in Sources */,
				25F787841715A76300892CB4 /* TextFieldCell.m in Sources */,
				258726111716BC5800D0D15C /* TwoLabelCell.m in Sources */,
				2587261C1716C8F200D0D15C /* DatePickerController.m in Sources */,
			);
			runOnlyForDeploymentPostprocessing = 0;
		};
/* End PBXSourcesBuildPhase section */

/* Begin PBXVariantGroup section */
		2506353F1704821200DBA7BA /* InfoPlist.strings */ = {
			isa = PBXVariantGroup;
			children = (
				250635401704821200DBA7BA /* en */,
			);
			name = InfoPlist.strings;
			sourceTree = "<group>";
		};
		250635541704821300DBA7BA /* MasterViewController~iphone.xib */ = {
			isa = PBXVariantGroup;
			children = (
				250635551704821300DBA7BA /* en */,
			);
			name = "MasterViewController~iphone.xib";
			sourceTree = "<group>";
		};
		250635571704821300DBA7BA /* MasterViewController~ipad.xib */ = {
			isa = PBXVariantGroup;
			children = (
				250635581704821300DBA7BA /* en */,
			);
			name = "MasterViewController~ipad.xib";
			sourceTree = "<group>";
		};
		2506355A1704821300DBA7BA /* DetailViewController~iphone.xib */ = {
			isa = PBXVariantGroup;
			children = (
				2506355B1704821300DBA7BA /* en */,
			);
			name = "DetailViewController~iphone.xib";
			sourceTree = "<group>";
		};
		2506355D1704821300DBA7BA /* DetailViewController~ipad.xib */ = {
			isa = PBXVariantGroup;
			children = (
				2506355E1704821300DBA7BA /* en */,
			);
			name = "DetailViewController~ipad.xib";
			sourceTree = "<group>";
		};
/* End PBXVariantGroup section */

/* Begin XCBuildConfiguration section */
		250635601704821300DBA7BA /* Debug */ = {
			isa = XCBuildConfiguration;
			buildSettings = {
				ALWAYS_SEARCH_USER_PATHS = NO;
				CLANG_CXX_LANGUAGE_STANDARD = "gnu++0x";
				CLANG_CXX_LIBRARY = "libc++";
				CLANG_WARN_CONSTANT_CONVERSION = YES;
				CLANG_WARN_EMPTY_BODY = YES;
				CLANG_WARN_ENUM_CONVERSION = YES;
				CLANG_WARN_INT_CONVERSION = YES;
				CLANG_WARN__DUPLICATE_METHOD_MATCH = YES;
				"CODE_SIGN_IDENTITY[sdk=iphoneos*]" = "iPhone Developer";
				COPY_PHASE_STRIP = NO;
				GCC_C_LANGUAGE_STANDARD = gnu99;
				GCC_DYNAMIC_NO_PIC = NO;
				GCC_OPTIMIZATION_LEVEL = 0;
				GCC_PREPROCESSOR_DEFINITIONS = (
					"DEBUG=1",
					"$(inherited)",
				);
				GCC_SYMBOLS_PRIVATE_EXTERN = NO;
				GCC_WARN_ABOUT_RETURN_TYPE = YES;
				GCC_WARN_UNINITIALIZED_AUTOS = YES;
				GCC_WARN_UNUSED_VARIABLE = YES;
				IPHONEOS_DEPLOYMENT_TARGET = 6.1;
				ONLY_ACTIVE_ARCH = YES;
				SDKROOT = iphoneos;
				TARGETED_DEVICE_FAMILY = "1,2";
			};
			name = Debug;
		};
		250635611704821300DBA7BA /* Release */ = {
			isa = XCBuildConfiguration;
			buildSettings = {
				ALWAYS_SEARCH_USER_PATHS = NO;
				CLANG_CXX_LANGUAGE_STANDARD = "gnu++0x";
				CLANG_CXX_LIBRARY = "libc++";
				CLANG_WARN_CONSTANT_CONVERSION = YES;
				CLANG_WARN_EMPTY_BODY = YES;
				CLANG_WARN_ENUM_CONVERSION = YES;
				CLANG_WARN_INT_CONVERSION = YES;
				CLANG_WARN__DUPLICATE_METHOD_MATCH = YES;
				"CODE_SIGN_IDENTITY[sdk=iphoneos*]" = "iPhone Developer";
				COPY_PHASE_STRIP = YES;
				GCC_C_LANGUAGE_STANDARD = gnu99;
				GCC_WARN_ABOUT_RETURN_TYPE = YES;
				GCC_WARN_UNINITIALIZED_AUTOS = YES;
				GCC_WARN_UNUSED_VARIABLE = YES;
				IPHONEOS_DEPLOYMENT_TARGET = 6.1;
				OTHER_CFLAGS = "-DNS_BLOCK_ASSERTIONS=1";
				SDKROOT = iphoneos;
				TARGETED_DEVICE_FAMILY = "1,2";
				VALIDATE_PRODUCT = YES;
			};
			name = Release;
		};
		250635631704821300DBA7BA /* Debug */ = {
			isa = XCBuildConfiguration;
			buildSettings = {
				GCC_PRECOMPILE_PREFIX_HEADER = YES;
				GCC_PREFIX_HEADER = "Place/Place-Prefix.pch";
				INFOPLIST_FILE = "Place/Place-Info.plist";
				IPHONEOS_DEPLOYMENT_TARGET = 5.0;
				PRODUCT_NAME = "$(TARGET_NAME)";
				WRAPPER_EXTENSION = app;
			};
			name = Debug;
		};
		250635641704821300DBA7BA /* Release */ = {
			isa = XCBuildConfiguration;
			buildSettings = {
				GCC_PRECOMPILE_PREFIX_HEADER = YES;
				GCC_PREFIX_HEADER = "Place/Place-Prefix.pch";
				INFOPLIST_FILE = "Place/Place-Info.plist";
				IPHONEOS_DEPLOYMENT_TARGET = 5.0;
				PRODUCT_NAME = "$(TARGET_NAME)";
				WRAPPER_EXTENSION = app;
			};
			name = Release;
		};
/* End XCBuildConfiguration section */

/* Begin XCConfigurationList section */
		2506352E1704821100DBA7BA /* Build configuration list for PBXProject "Place" */ = {
			isa = XCConfigurationList;
			buildConfigurations = (
				250635601704821300DBA7BA /* Debug */,
				250635611704821300DBA7BA /* Release */,
			);
			defaultConfigurationIsVisible = 0;
			defaultConfigurationName = Release;
		};
		250635621704821300DBA7BA /* Build configuration list for PBXNativeTarget "Place" */ = {
			isa = XCConfigurationList;
			buildConfigurations = (
				250635631704821300DBA7BA /* Debug */,
				250635641704821300DBA7BA /* Release */,
			);
			defaultConfigurationIsVisible = 0;
			defaultConfigurationName = Release;
		};
/* End XCConfigurationList section */
	};
	rootObject = 2506352B1704821100DBA7BA /* Project object */;
}
